// !$*UTF8*$!
{
	archiveVersion = 1;
	classes = {
	};
	objectVersion = 46;
	objects = {

/* Begin PBXBuildFile section */
		BA34E4271757464300B5A138 /* DeviceShop.db in Resources */ = {isa = PBXBuildFile; fileRef = BA34E4261757464300B5A138 /* DeviceShop.db */; };
		BA34E42B17574D9700B5A138 /* UIViewController+ShowInfoDialog.m in Sources */ = {isa = PBXBuildFile; fileRef = BA34E42A17574D9700B5A138 /* UIViewController+ShowInfoDialog.m */; };
		BA34E42E1757581200B5A138 /* FMDatabaseOperate.m in Sources */ = {isa = PBXBuildFile; fileRef = BA34E42D1757581100B5A138 /* FMDatabaseOperate.m */; };
		BA900A3E1758FFAD00FE5814 /* BJGridItem.m in Sources */ = {isa = PBXBuildFile; fileRef = BA900A3D1758FFAD00FE5814 /* BJGridItem.m */; };
		BA900A40175901AB00FE5814 /* QuartzCore.framework in Frameworks */ = {isa = PBXBuildFile; fileRef = BA900A3F175901AB00FE5814 /* QuartzCore.framework */; };
		BA929F141757A109007742B3 /* CloudService.m in Sources */ = {isa = PBXBuildFile; fileRef = BA929F131757A109007742B3 /* CloudService.m */; };
		BA929F231757AC91007742B3 /* NSObject+SBJSON.m in Sources */ = {isa = PBXBuildFile; fileRef = BA929F181757AC91007742B3 /* NSObject+SBJSON.m */; };
		BA929F241757AC91007742B3 /* NSString+SBJSON.m in Sources */ = {isa = PBXBuildFile; fileRef = BA929F1A1757AC91007742B3 /* NSString+SBJSON.m */; };
		BA929F251757AC91007742B3 /* SBJSON.m in Sources */ = {isa = PBXBuildFile; fileRef = BA929F1C1757AC91007742B3 /* SBJSON.m */; };
		BA929F261757AC91007742B3 /* SBJsonBase.m in Sources */ = {isa = PBXBuildFile; fileRef = BA929F1E1757AC91007742B3 /* SBJsonBase.m */; };
		BA929F271757AC91007742B3 /* SBJsonParser.m in Sources */ = {isa = PBXBuildFile; fileRef = BA929F201757AC91007742B3 /* SBJsonParser.m */; };
		BA929F281757AC91007742B3 /* SBJsonWriter.m in Sources */ = {isa = PBXBuildFile; fileRef = BA929F221757AC91007742B3 /* SBJsonWriter.m */; };
		BA929F2C1757ADEB007742B3 /* NSString+OAURLEncodingAdditions.m in Sources */ = {isa = PBXBuildFile; fileRef = BA929F2B1757ADEB007742B3 /* NSString+OAURLEncodingAdditions.m */; };
		BA9BCE2A175AFD7B00897B22 /* MenuBar.m in Sources */ = {isa = PBXBuildFile; fileRef = BA9BCE29175AFD7B00897B22 /* MenuBar.m */; };
		BA9BCE2F175B2FF600897B22 /* DeviceLibraryViewController.m in Sources */ = {isa = PBXBuildFile; fileRef = BA9BCE2D175B2FF600897B22 /* DeviceLibraryViewController.m */; };
		BA9BCE36175B310900897B22 /* DeviceLibraryViewController.xib in Resources */ = {isa = PBXBuildFile; fileRef = BA9BCE34175B310900897B22 /* DeviceLibraryViewController.xib */; };
		BA9BCE37175B310900897B22 /* DeviceLibraryViewController_Ipad.xib in Resources */ = {isa = PBXBuildFile; fileRef = BA9BCE35175B310900897B22 /* DeviceLibraryViewController_Ipad.xib */; };
		BA9BCE3C175B318500897B22 /* EditViewController.m in Sources */ = {isa = PBXBuildFile; fileRef = BA9BCE3A175B318500897B22 /* EditViewController.m */; };
		BA9BCE43175B328B00897B22 /* EditViewController.xib in Resources */ = {isa = PBXBuildFile; fileRef = BA9BCE41175B328B00897B22 /* EditViewController.xib */; };
		BA9BCE44175B328B00897B22 /* EditViewController_Ipad.xib in Resources */ = {isa = PBXBuildFile; fileRef = BA9BCE42175B328B00897B22 /* EditViewController_Ipad.xib */; };
		BA9BCE49175B32FE00897B22 /* NetworkDeviceViewController.m in Sources */ = {isa = PBXBuildFile; fileRef = BA9BCE47175B32FE00897B22 /* NetworkDeviceViewController.m */; };
		BA9BCE50175B335C00897B22 /* NetworkDeviceViewController.xib in Resources */ = {isa = PBXBuildFile; fileRef = BA9BCE4E175B335C00897B22 /* NetworkDeviceViewController.xib */; };
		BA9BCE51175B335C00897B22 /* NetworkDeviceViewController_Ipad.xib in Resources */ = {isa = PBXBuildFile; fileRef = BA9BCE4F175B335C00897B22 /* NetworkDeviceViewController_Ipad.xib */; };
		BA9BCE56175B33FC00897B22 /* SettingViewController.m in Sources */ = {isa = PBXBuildFile; fileRef = BA9BCE54175B33FC00897B22 /* SettingViewController.m */; };
		BA9BCE5D175B347500897B22 /* SettingViewController.xib in Resources */ = {isa = PBXBuildFile; fileRef = BA9BCE5B175B347500897B22 /* SettingViewController.xib */; };
		BA9BCE5E175B347500897B22 /* SettingViewController_Ipad.xib in Resources */ = {isa = PBXBuildFile; fileRef = BA9BCE5C175B347500897B22 /* SettingViewController_Ipad.xib */; };
		BA9C7EEE17565AA500640438 /* UIScreen+UIWindowSize.m in Sources */ = {isa = PBXBuildFile; fileRef = BA9C7EED17565AA500640438 /* UIScreen+UIWindowSize.m */; };
		BA9EFB27175704B4009B36A9 /* FMDatabase.m in Sources */ = {isa = PBXBuildFile; fileRef = BA9EFB22175704B4009B36A9 /* FMDatabase.m */; };
		BA9EFB28175704B4009B36A9 /* FMDatabaseAdditions.m in Sources */ = {isa = PBXBuildFile; fileRef = BA9EFB24175704B4009B36A9 /* FMDatabaseAdditions.m */; };
		BA9EFB29175704B4009B36A9 /* FMResultSet.m in Sources */ = {isa = PBXBuildFile; fileRef = BA9EFB26175704B4009B36A9 /* FMResultSet.m */; };
		BA9EFB2D175707A8009B36A9 /* ForgetPwdViewController.m in Sources */ = {isa = PBXBuildFile; fileRef = BA9EFB2B175707A8009B36A9 /* ForgetPwdViewController.m */; };
		BA9EFB32175708E0009B36A9 /* libsqlite3.0.dylib in Frameworks */ = {isa = PBXBuildFile; fileRef = BA9EFB31175708E0009B36A9 /* libsqlite3.0.dylib */; };
		BA9EFB3C17572853009B36A9 /* MainNavViewController.m in Sources */ = {isa = PBXBuildFile; fileRef = BA9EFB3A17572853009B36A9 /* MainNavViewController.m */; };
		BA9EFB4E175728ED009B36A9 /* ForgetPwdViewController.xib in Resources */ = {isa = PBXBuildFile; fileRef = BA9EFB43175728ED009B36A9 /* ForgetPwdViewController.xib */; };
		BA9EFB4F175728ED009B36A9 /* ForgetPwdViewController_Ipad.xib in Resources */ = {isa = PBXBuildFile; fileRef = BA9EFB44175728ED009B36A9 /* ForgetPwdViewController_Ipad.xib */; };
		BA9EFB50175728ED009B36A9 /* LoginViewController.xib in Resources */ = {isa = PBXBuildFile; fileRef = BA9EFB46175728ED009B36A9 /* LoginViewController.xib */; };
		BA9EFB51175728ED009B36A9 /* LoginViewController_Ipad.xib in Resources */ = {isa = PBXBuildFile; fileRef = BA9EFB47175728ED009B36A9 /* LoginViewController_Ipad.xib */; };
		BA9EFB52175728ED009B36A9 /* RegistViewController.xib in Resources */ = {isa = PBXBuildFile; fileRef = BA9EFB49175728ED009B36A9 /* RegistViewController.xib */; };
		BA9EFB53175728ED009B36A9 /* RegistViewController_Ipad.xib in Resources */ = {isa = PBXBuildFile; fileRef = BA9EFB4A175728ED009B36A9 /* RegistViewController_Ipad.xib */; };
		BA9EFB54175728ED009B36A9 /* MainNavViewController.xib in Resources */ = {isa = PBXBuildFile; fileRef = BA9EFB4C175728ED009B36A9 /* MainNavViewController.xib */; };
		BA9EFB55175728ED009B36A9 /* MainNavViewController_Ipad.xib in Resources */ = {isa = PBXBuildFile; fileRef = BA9EFB4D175728ED009B36A9 /* MainNavViewController_Ipad.xib */; };
		BAA42B5D175601BC001CA8A8 /* UIViewController+UIViewControllerNib.m in Sources */ = {isa = PBXBuildFile; fileRef = BAA42B5C175601BC001CA8A8 /* UIViewController+UIViewControllerNib.m */; };
		BAA42B6117560260001CA8A8 /* UIView+UIAdaptation.m in Sources */ = {isa = PBXBuildFile; fileRef = BAA42B6017560260001CA8A8 /* UIView+UIAdaptation.m */; };
		BAA42B6917560794001CA8A8 /* LoginViewController.m in Sources */ = {isa = PBXBuildFile; fileRef = BAA42B6817560794001CA8A8 /* LoginViewController.m */; };
		BAA42B6D175607AA001CA8A8 /* RegistViewController.m in Sources */ = {isa = PBXBuildFile; fileRef = BAA42B6B175607AA001CA8A8 /* RegistViewController.m */; };
		BADA24AF175450DF0034F8D6 /* AppDelegate.m in Sources */ = {isa = PBXBuildFile; fileRef = BADA24AE175450DF0034F8D6 /* AppDelegate.m */; };
		BAF2DEB71754496C0038C0F9 /* UIKit.framework in Frameworks */ = {isa = PBXBuildFile; fileRef = BAF2DEB61754496C0038C0F9 /* UIKit.framework */; };
		BAF2DEB91754496C0038C0F9 /* Foundation.framework in Frameworks */ = {isa = PBXBuildFile; fileRef = BAF2DEB81754496C0038C0F9 /* Foundation.framework */; };
		BAF2DEBB1754496C0038C0F9 /* CoreGraphics.framework in Frameworks */ = {isa = PBXBuildFile; fileRef = BAF2DEBA1754496C0038C0F9 /* CoreGraphics.framework */; };
		BAF2DEC11754496C0038C0F9 /* InfoPlist.strings in Resources */ = {isa = PBXBuildFile; fileRef = BAF2DEBF1754496C0038C0F9 /* InfoPlist.strings */; };
		BAF2DEC31754496C0038C0F9 /* main.m in Sources */ = {isa = PBXBuildFile; fileRef = BAF2DEC21754496C0038C0F9 /* main.m */; };
		BAF2DEC91754496C0038C0F9 /* Default.png in Resources */ = {isa = PBXBuildFile; fileRef = BAF2DEC81754496C0038C0F9 /* Default.png */; };
		BAF2DECB1754496C0038C0F9 /* Default@2x.png in Resources */ = {isa = PBXBuildFile; fileRef = BAF2DECA1754496C0038C0F9 /* Default@2x.png */; };
		BAF2DECD1754496C0038C0F9 /* Default-568h@2x.png in Resources */ = {isa = PBXBuildFile; fileRef = BAF2DECC1754496C0038C0F9 /* Default-568h@2x.png */; };
/* End PBXBuildFile section */

/* Begin PBXFileReference section */
		BA34E4261757464300B5A138 /* DeviceShop.db */ = {isa = PBXFileReference; lastKnownFileType = file; path = DeviceShop.db; sourceTree = "<group>"; };
		BA34E42917574D9700B5A138 /* UIViewController+ShowInfoDialog.h */ = {isa = PBXFileReference; fileEncoding = 4; lastKnownFileType = sourcecode.c.h; path = "UIViewController+ShowInfoDialog.h"; sourceTree = "<group>"; };
		BA34E42A17574D9700B5A138 /* UIViewController+ShowInfoDialog.m */ = {isa = PBXFileReference; fileEncoding = 4; lastKnownFileType = sourcecode.c.objc; path = "UIViewController+ShowInfoDialog.m"; sourceTree = "<group>"; };
		BA34E42C1757581100B5A138 /* FMDatabaseOperate.h */ = {isa = PBXFileReference; fileEncoding = 4; lastKnownFileType = sourcecode.c.h; path = FMDatabaseOperate.h; sourceTree = "<group>"; };
		BA34E42D1757581100B5A138 /* FMDatabaseOperate.m */ = {isa = PBXFileReference; fileEncoding = 4; lastKnownFileType = sourcecode.c.objc; path = FMDatabaseOperate.m; sourceTree = "<group>"; };
		BA900A3C1758FFAD00FE5814 /* BJGridItem.h */ = {isa = PBXFileReference; fileEncoding = 4; lastKnownFileType = sourcecode.c.h; path = BJGridItem.h; sourceTree = "<group>"; };
		BA900A3D1758FFAD00FE5814 /* BJGridItem.m */ = {isa = PBXFileReference; fileEncoding = 4; lastKnownFileType = sourcecode.c.objc; path = BJGridItem.m; sourceTree = "<group>"; };
		BA900A3F175901AB00FE5814 /* QuartzCore.framework */ = {isa = PBXFileReference; lastKnownFileType = wrapper.framework; name = QuartzCore.framework; path = System/Library/Frameworks/QuartzCore.framework; sourceTree = SDKROOT; };
		BA929F121757A109007742B3 /* CloudService.h */ = {isa = PBXFileReference; fileEncoding = 4; lastKnownFileType = sourcecode.c.h; path = CloudService.h; sourceTree = "<group>"; };
		BA929F131757A109007742B3 /* CloudService.m */ = {isa = PBXFileReference; fileEncoding = 4; lastKnownFileType = sourcecode.c.objc; path = CloudService.m; sourceTree = "<group>"; };
		BA929F161757AC91007742B3 /* JSON.h */ = {isa = PBXFileReference; fileEncoding = 4; lastKnownFileType = sourcecode.c.h; path = JSON.h; sourceTree = "<group>"; };
		BA929F171757AC91007742B3 /* NSObject+SBJSON.h */ = {isa = PBXFileReference; fileEncoding = 4; lastKnownFileType = sourcecode.c.h; path = "NSObject+SBJSON.h"; sourceTree = "<group>"; };
		BA929F181757AC91007742B3 /* NSObject+SBJSON.m */ = {isa = PBXFileReference; fileEncoding = 4; lastKnownFileType = sourcecode.c.objc; path = "NSObject+SBJSON.m"; sourceTree = "<group>"; };
		BA929F191757AC91007742B3 /* NSString+SBJSON.h */ = {isa = PBXFileReference; fileEncoding = 4; lastKnownFileType = sourcecode.c.h; path = "NSString+SBJSON.h"; sourceTree = "<group>"; };
		BA929F1A1757AC91007742B3 /* NSString+SBJSON.m */ = {isa = PBXFileReference; fileEncoding = 4; lastKnownFileType = sourcecode.c.objc; path = "NSString+SBJSON.m"; sourceTree = "<group>"; };
		BA929F1B1757AC91007742B3 /* SBJSON.h */ = {isa = PBXFileReference; fileEncoding = 4; lastKnownFileType = sourcecode.c.h; path = SBJSON.h; sourceTree = "<group>"; };
		BA929F1C1757AC91007742B3 /* SBJSON.m */ = {isa = PBXFileReference; fileEncoding = 4; lastKnownFileType = sourcecode.c.objc; path = SBJSON.m; sourceTree = "<group>"; };
		BA929F1D1757AC91007742B3 /* SBJsonBase.h */ = {isa = PBXFileReference; fileEncoding = 4; lastKnownFileType = sourcecode.c.h; path = SBJsonBase.h; sourceTree = "<group>"; };
		BA929F1E1757AC91007742B3 /* SBJsonBase.m */ = {isa = PBXFileReference; fileEncoding = 4; lastKnownFileType = sourcecode.c.objc; path = SBJsonBase.m; sourceTree = "<group>"; };
		BA929F1F1757AC91007742B3 /* SBJsonParser.h */ = {isa = PBXFileReference; fileEncoding = 4; lastKnownFileType = sourcecode.c.h; path = SBJsonParser.h; sourceTree = "<group>"; };
		BA929F201757AC91007742B3 /* SBJsonParser.m */ = {isa = PBXFileReference; fileEncoding = 4; lastKnownFileType = sourcecode.c.objc; path = SBJsonParser.m; sourceTree = "<group>"; };
		BA929F211757AC91007742B3 /* SBJsonWriter.h */ = {isa = PBXFileReference; fileEncoding = 4; lastKnownFileType = sourcecode.c.h; path = SBJsonWriter.h; sourceTree = "<group>"; };
		BA929F221757AC91007742B3 /* SBJsonWriter.m */ = {isa = PBXFileReference; fileEncoding = 4; lastKnownFileType = sourcecode.c.objc; path = SBJsonWriter.m; sourceTree = "<group>"; };
		BA929F2A1757ADEB007742B3 /* NSString+OAURLEncodingAdditions.h */ = {isa = PBXFileReference; fileEncoding = 4; lastKnownFileType = sourcecode.c.h; path = "NSString+OAURLEncodingAdditions.h"; sourceTree = "<group>"; };
		BA929F2B1757ADEB007742B3 /* NSString+OAURLEncodingAdditions.m */ = {isa = PBXFileReference; fileEncoding = 4; lastKnownFileType = sourcecode.c.objc; path = "NSString+OAURLEncodingAdditions.m"; sourceTree = "<group>"; };
		BA9BCE28175AFD7B00897B22 /* MenuBar.h */ = {isa = PBXFileReference; fileEncoding = 4; lastKnownFileType = sourcecode.c.h; path = MenuBar.h; sourceTree = "<group>"; };
		BA9BCE29175AFD7B00897B22 /* MenuBar.m */ = {isa = PBXFileReference; fileEncoding = 4; lastKnownFileType = sourcecode.c.objc; path = MenuBar.m; sourceTree = "<group>"; };
		BA9BCE2C175B2FF600897B22 /* DeviceLibraryViewController.h */ = {isa = PBXFileReference; fileEncoding = 4; lastKnownFileType = sourcecode.c.h; path = DeviceLibraryViewController.h; sourceTree = "<group>"; };
		BA9BCE2D175B2FF600897B22 /* DeviceLibraryViewController.m */ = {isa = PBXFileReference; fileEncoding = 4; lastKnownFileType = sourcecode.c.objc; path = DeviceLibraryViewController.m; sourceTree = "<group>"; };
		BA9BCE34175B310900897B22 /* DeviceLibraryViewController.xib */ = {isa = PBXFileReference; fileEncoding = 4; lastKnownFileType = file.xib; path = DeviceLibraryViewController.xib; sourceTree = "<group>"; };
		BA9BCE35175B310900897B22 /* DeviceLibraryViewController_Ipad.xib */ = {isa = PBXFileReference; fileEncoding = 4; lastKnownFileType = file.xib; path = DeviceLibraryViewController_Ipad.xib; sourceTree = "<group>"; };
		BA9BCE39175B318500897B22 /* EditViewController.h */ = {isa = PBXFileReference; fileEncoding = 4; lastKnownFileType = sourcecode.c.h; path = EditViewController.h; sourceTree = "<group>"; };
		BA9BCE3A175B318500897B22 /* EditViewController.m */ = {isa = PBXFileReference; fileEncoding = 4; lastKnownFileType = sourcecode.c.objc; path = EditViewController.m; sourceTree = "<group>"; };
		BA9BCE41175B328B00897B22 /* EditViewController.xib */ = {isa = PBXFileReference; fileEncoding = 4; lastKnownFileType = file.xib; path = EditViewController.xib; sourceTree = "<group>"; };
		BA9BCE42175B328B00897B22 /* EditViewController_Ipad.xib */ = {isa = PBXFileReference; fileEncoding = 4; lastKnownFileType = file.xib; path = EditViewController_Ipad.xib; sourceTree = "<group>"; };
		BA9BCE46175B32FE00897B22 /* NetworkDeviceViewController.h */ = {isa = PBXFileReference; fileEncoding = 4; lastKnownFileType = sourcecode.c.h; path = NetworkDeviceViewController.h; sourceTree = "<group>"; };
		BA9BCE47175B32FE00897B22 /* NetworkDeviceViewController.m */ = {isa = PBXFileReference; fileEncoding = 4; lastKnownFileType = sourcecode.c.objc; path = NetworkDeviceViewController.m; sourceTree = "<group>"; };
		BA9BCE4E175B335C00897B22 /* NetworkDeviceViewController.xib */ = {isa = PBXFileReference; fileEncoding = 4; lastKnownFileType = file.xib; path = NetworkDeviceViewController.xib; sourceTree = "<group>"; };
		BA9BCE4F175B335C00897B22 /* NetworkDeviceViewController_Ipad.xib */ = {isa = PBXFileReference; fileEncoding = 4; lastKnownFileType = file.xib; path = NetworkDeviceViewController_Ipad.xib; sourceTree = "<group>"; };
		BA9BCE53175B33FC00897B22 /* SettingViewController.h */ = {isa = PBXFileReference; fileEncoding = 4; lastKnownFileType = sourcecode.c.h; path = SettingViewController.h; sourceTree = "<group>"; };
		BA9BCE54175B33FC00897B22 /* SettingViewController.m */ = {isa = PBXFileReference; fileEncoding = 4; lastKnownFileType = sourcecode.c.objc; path = SettingViewController.m; sourceTree = "<group>"; };
		BA9BCE5B175B347500897B22 /* SettingViewController.xib */ = {isa = PBXFileReference; fileEncoding = 4; lastKnownFileType = file.xib; path = SettingViewController.xib; sourceTree = "<group>"; };
		BA9BCE5C175B347500897B22 /* SettingViewController_Ipad.xib */ = {isa = PBXFileReference; fileEncoding = 4; lastKnownFileType = file.xib; path = SettingViewController_Ipad.xib; sourceTree = "<group>"; };
		BA9C7EEC17565AA500640438 /* UIScreen+UIWindowSize.h */ = {isa = PBXFileReference; fileEncoding = 4; lastKnownFileType = sourcecode.c.h; path = "UIScreen+UIWindowSize.h"; sourceTree = "<group>"; };
		BA9C7EED17565AA500640438 /* UIScreen+UIWindowSize.m */ = {isa = PBXFileReference; fileEncoding = 4; lastKnownFileType = sourcecode.c.objc; path = "UIScreen+UIWindowSize.m"; sourceTree = "<group>"; };
		BA9EFB21175704B4009B36A9 /* FMDatabase.h */ = {isa = PBXFileReference; fileEncoding = 4; lastKnownFileType = sourcecode.c.h; path = FMDatabase.h; sourceTree = "<group>"; };
		BA9EFB22175704B4009B36A9 /* FMDatabase.m */ = {isa = PBXFileReference; fileEncoding = 4; lastKnownFileType = sourcecode.c.objc; path = FMDatabase.m; sourceTree = "<group>"; };
		BA9EFB23175704B4009B36A9 /* FMDatabaseAdditions.h */ = {isa = PBXFileReference; fileEncoding = 4; lastKnownFileType = sourcecode.c.h; path = FMDatabaseAdditions.h; sourceTree = "<group>"; };
		BA9EFB24175704B4009B36A9 /* FMDatabaseAdditions.m */ = {isa = PBXFileReference; fileEncoding = 4; lastKnownFileType = sourcecode.c.objc; path = FMDatabaseAdditions.m; sourceTree = "<group>"; };
		BA9EFB25175704B4009B36A9 /* FMResultSet.h */ = {isa = PBXFileReference; fileEncoding = 4; lastKnownFileType = sourcecode.c.h; path = FMResultSet.h; sourceTree = "<group>"; };
		BA9EFB26175704B4009B36A9 /* FMResultSet.m */ = {isa = PBXFileReference; fileEncoding = 4; lastKnownFileType = sourcecode.c.objc; path = FMResultSet.m; sourceTree = "<group>"; };
		BA9EFB2A175707A7009B36A9 /* ForgetPwdViewController.h */ = {isa = PBXFileReference; fileEncoding = 4; lastKnownFileType = sourcecode.c.h; path = ForgetPwdViewController.h; sourceTree = "<group>"; };
		BA9EFB2B175707A8009B36A9 /* ForgetPwdViewController.m */ = {isa = PBXFileReference; fileEncoding = 4; lastKnownFileType = sourcecode.c.objc; path = ForgetPwdViewController.m; sourceTree = "<group>"; };
		BA9EFB31175708E0009B36A9 /* libsqlite3.0.dylib */ = {isa = PBXFileReference; lastKnownFileType = "compiled.mach-o.dylib"; name = libsqlite3.0.dylib; path = usr/lib/libsqlite3.0.dylib; sourceTree = SDKROOT; };
		BA9EFB3917572853009B36A9 /* MainNavViewController.h */ = {isa = PBXFileReference; fileEncoding = 4; lastKnownFileType = sourcecode.c.h; path = MainNavViewController.h; sourceTree = "<group>"; };
		BA9EFB3A17572853009B36A9 /* MainNavViewController.m */ = {isa = PBXFileReference; fileEncoding = 4; lastKnownFileType = sourcecode.c.objc; path = MainNavViewController.m; sourceTree = "<group>"; };
		BA9EFB43175728ED009B36A9 /* ForgetPwdViewController.xib */ = {isa = PBXFileReference; fileEncoding = 4; lastKnownFileType = file.xib; path = ForgetPwdViewController.xib; sourceTree = "<group>"; };
		BA9EFB44175728ED009B36A9 /* ForgetPwdViewController_Ipad.xib */ = {isa = PBXFileReference; fileEncoding = 4; lastKnownFileType = file.xib; path = ForgetPwdViewController_Ipad.xib; sourceTree = "<group>"; };
		BA9EFB46175728ED009B36A9 /* LoginViewController.xib */ = {isa = PBXFileReference; fileEncoding = 4; lastKnownFileType = file.xib; path = LoginViewController.xib; sourceTree = "<group>"; };
		BA9EFB47175728ED009B36A9 /* LoginViewController_Ipad.xib */ = {isa = PBXFileReference; fileEncoding = 4; lastKnownFileType = file.xib; path = LoginViewController_Ipad.xib; sourceTree = "<group>"; };
		BA9EFB49175728ED009B36A9 /* RegistViewController.xib */ = {isa = PBXFileReference; fileEncoding = 4; lastKnownFileType = file.xib; path = RegistViewController.xib; sourceTree = "<group>"; };
		BA9EFB4A175728ED009B36A9 /* RegistViewController_Ipad.xib */ = {isa = PBXFileReference; fileEncoding = 4; lastKnownFileType = file.xib; path = RegistViewController_Ipad.xib; sourceTree = "<group>"; };
		BA9EFB4C175728ED009B36A9 /* MainNavViewController.xib */ = {isa = PBXFileReference; fileEncoding = 4; lastKnownFileType = file.xib; path = MainNavViewController.xib; sourceTree = "<group>"; };
		BA9EFB4D175728ED009B36A9 /* MainNavViewController_Ipad.xib */ = {isa = PBXFileReference; fileEncoding = 4; lastKnownFileType = file.xib; path = MainNavViewController_Ipad.xib; sourceTree = "<group>"; };
		BAA42B5B175601BC001CA8A8 /* UIViewController+UIViewControllerNib.h */ = {isa = PBXFileReference; fileEncoding = 4; lastKnownFileType = sourcecode.c.h; path = "UIViewController+UIViewControllerNib.h"; sourceTree = "<group>"; };
		BAA42B5C175601BC001CA8A8 /* UIViewController+UIViewControllerNib.m */ = {isa = PBXFileReference; fileEncoding = 4; lastKnownFileType = sourcecode.c.objc; path = "UIViewController+UIViewControllerNib.m"; sourceTree = "<group>"; };
		BAA42B5F17560260001CA8A8 /* UIView+UIAdaptation.h */ = {isa = PBXFileReference; fileEncoding = 4; lastKnownFileType = sourcecode.c.h; path = "UIView+UIAdaptation.h"; sourceTree = "<group>"; };
		BAA42B6017560260001CA8A8 /* UIView+UIAdaptation.m */ = {isa = PBXFileReference; fileEncoding = 4; lastKnownFileType = sourcecode.c.objc; path = "UIView+UIAdaptation.m"; sourceTree = "<group>"; };
		BAA42B6717560794001CA8A8 /* LoginViewController.h */ = {isa = PBXFileReference; fileEncoding = 4; lastKnownFileType = sourcecode.c.h; path = LoginViewController.h; sourceTree = "<group>"; };
		BAA42B6817560794001CA8A8 /* LoginViewController.m */ = {isa = PBXFileReference; fileEncoding = 4; lastKnownFileType = sourcecode.c.objc; path = LoginViewController.m; sourceTree = "<group>"; };
		BAA42B6A175607AA001CA8A8 /* RegistViewController.h */ = {isa = PBXFileReference; fileEncoding = 4; lastKnownFileType = sourcecode.c.h; path = RegistViewController.h; sourceTree = "<group>"; };
		BAA42B6B175607AA001CA8A8 /* RegistViewController.m */ = {isa = PBXFileReference; fileEncoding = 4; lastKnownFileType = sourcecode.c.objc; path = RegistViewController.m; sourceTree = "<group>"; };
		BAD437051755C9FE00063010 /* ViewControlHeader.h */ = {isa = PBXFileReference; fileEncoding = 4; lastKnownFileType = sourcecode.c.h; path = ViewControlHeader.h; sourceTree = "<group>"; };
		BADA24AD175450DF0034F8D6 /* AppDelegate.h */ = {isa = PBXFileReference; fileEncoding = 4; lastKnownFileType = sourcecode.c.h; path = AppDelegate.h; sourceTree = "<group>"; };
		BADA24AE175450DF0034F8D6 /* AppDelegate.m */ = {isa = PBXFileReference; fileEncoding = 4; lastKnownFileType = sourcecode.c.objc; path = AppDelegate.m; sourceTree = "<group>"; };
		BADA24B2175450E80034F8D6 /* CLog.h */ = {isa = PBXFileReference; fileEncoding = 4; lastKnownFileType = sourcecode.c.h; path = CLog.h; sourceTree = "<group>"; };
		BAF2DEB31754496C0038C0F9 /* DeviceShop.app */ = {isa = PBXFileReference; explicitFileType = wrapper.application; includeInIndex = 0; path = DeviceShop.app; sourceTree = BUILT_PRODUCTS_DIR; };
		BAF2DEB61754496C0038C0F9 /* UIKit.framework */ = {isa = PBXFileReference; lastKnownFileType = wrapper.framework; name = UIKit.framework; path = System/Library/Frameworks/UIKit.framework; sourceTree = SDKROOT; };
		BAF2DEB81754496C0038C0F9 /* Foundation.framework */ = {isa = PBXFileReference; lastKnownFileType = wrapper.framework; name = Foundation.framework; path = System/Library/Frameworks/Foundation.framework; sourceTree = SDKROOT; };
		BAF2DEBA1754496C0038C0F9 /* CoreGraphics.framework */ = {isa = PBXFileReference; lastKnownFileType = wrapper.framework; name = CoreGraphics.framework; path = System/Library/Frameworks/CoreGraphics.framework; sourceTree = SDKROOT; };
		BAF2DEBE1754496C0038C0F9 /* DeviceShop-Info.plist */ = {isa = PBXFileReference; lastKnownFileType = text.plist.xml; path = "DeviceShop-Info.plist"; sourceTree = "<group>"; };
		BAF2DEC01754496C0038C0F9 /* en */ = {isa = PBXFileReference; lastKnownFileType = text.plist.strings; name = en; path = en.lproj/InfoPlist.strings; sourceTree = "<group>"; };
		BAF2DEC21754496C0038C0F9 /* main.m */ = {isa = PBXFileReference; lastKnownFileType = sourcecode.c.objc; path = main.m; sourceTree = "<group>"; };
		BAF2DEC41754496C0038C0F9 /* DeviceShop-Prefix.pch */ = {isa = PBXFileReference; lastKnownFileType = sourcecode.c.h; path = "DeviceShop-Prefix.pch"; sourceTree = "<group>"; };
		BAF2DEC81754496C0038C0F9 /* Default.png */ = {isa = PBXFileReference; lastKnownFileType = image.png; path = Default.png; sourceTree = "<group>"; };
		BAF2DECA1754496C0038C0F9 /* Default@2x.png */ = {isa = PBXFileReference; lastKnownFileType = image.png; path = "Default@2x.png"; sourceTree = "<group>"; };
		BAF2DECC1754496C0038C0F9 /* Default-568h@2x.png */ = {isa = PBXFileReference; lastKnownFileType = image.png; path = "Default-568h@2x.png"; sourceTree = "<group>"; };
		BAF2DED41754496D0038C0F9 /* SenTestingKit.framework */ = {isa = PBXFileReference; lastKnownFileType = wrapper.framework; name = SenTestingKit.framework; path = Library/Frameworks/SenTestingKit.framework; sourceTree = DEVELOPER_DIR; };
/* End PBXFileReference section */

/* Begin PBXFrameworksBuildPhase section */
		BAF2DEB01754496C0038C0F9 /* Frameworks */ = {
			isa = PBXFrameworksBuildPhase;
			buildActionMask = 2147483647;
			files = (
				BA900A40175901AB00FE5814 /* QuartzCore.framework in Frameworks */,
				BA9EFB32175708E0009B36A9 /* libsqlite3.0.dylib in Frameworks */,
				BAF2DEB71754496C0038C0F9 /* UIKit.framework in Frameworks */,
				BAF2DEB91754496C0038C0F9 /* Foundation.framework in Frameworks */,
				BAF2DEBB1754496C0038C0F9 /* CoreGraphics.framework in Frameworks */,
			);
			runOnlyForDeploymentPostprocessing = 0;
		};
/* End PBXFrameworksBuildPhase section */

/* Begin PBXGroup section */
		BA34E4251757464300B5A138 /* DB */ = {
			isa = PBXGroup;
			children = (
				BA34E4261757464300B5A138 /* DeviceShop.db */,
			);
			path = DB;
			sourceTree = "<group>";
		};
		BA34E42817574D7600B5A138 /* UIViewController+ShowInfoDialog */ = {
			isa = PBXGroup;
			children = (
				BA34E42917574D9700B5A138 /* UIViewController+ShowInfoDialog.h */,
				BA34E42A17574D9700B5A138 /* UIViewController+ShowInfoDialog.m */,
			);
			path = "UIViewController+ShowInfoDialog";
			sourceTree = "<group>";
		};
		BA900A3B1758FFAD00FE5814 /* BJGridItem */ = {
			isa = PBXGroup;
			children = (
				BA900A3C1758FFAD00FE5814 /* BJGridItem.h */,
				BA900A3D1758FFAD00FE5814 /* BJGridItem.m */,
			);
			path = BJGridItem;
			sourceTree = "<group>";
		};
		BA929F111757A0F6007742B3 /* CloudService */ = {
			isa = PBXGroup;
			children = (
				BA929F121757A109007742B3 /* CloudService.h */,
				BA929F131757A109007742B3 /* CloudService.m */,
			);
			path = CloudService;
			sourceTree = "<group>";
		};
		BA929F151757AC91007742B3 /* SBJSON */ = {
			isa = PBXGroup;
			children = (
				BA929F161757AC91007742B3 /* JSON.h */,
				BA929F171757AC91007742B3 /* NSObject+SBJSON.h */,
				BA929F181757AC91007742B3 /* NSObject+SBJSON.m */,
				BA929F191757AC91007742B3 /* NSString+SBJSON.h */,
				BA929F1A1757AC91007742B3 /* NSString+SBJSON.m */,
				BA929F1B1757AC91007742B3 /* SBJSON.h */,
				BA929F1C1757AC91007742B3 /* SBJSON.m */,
				BA929F1D1757AC91007742B3 /* SBJsonBase.h */,
				BA929F1E1757AC91007742B3 /* SBJsonBase.m */,
				BA929F1F1757AC91007742B3 /* SBJsonParser.h */,
				BA929F201757AC91007742B3 /* SBJsonParser.m */,
				BA929F211757AC91007742B3 /* SBJsonWriter.h */,
				BA929F221757AC91007742B3 /* SBJsonWriter.m */,
			);
			path = SBJSON;
			sourceTree = "<group>";
		};
		BA929F291757ADDB007742B3 /* NSString+OAURLEncodingAdditions */ = {
			isa = PBXGroup;
			children = (
				BA929F2A1757ADEB007742B3 /* NSString+OAURLEncodingAdditions.h */,
				BA929F2B1757ADEB007742B3 /* NSString+OAURLEncodingAdditions.m */,
			);
			path = "NSString+OAURLEncodingAdditions";
			sourceTree = "<group>";
		};
		BA9BCE27175AFD5400897B22 /* MenuBar */ = {
			isa = PBXGroup;
			children = (
				BA9BCE28175AFD7B00897B22 /* MenuBar.h */,
				BA9BCE29175AFD7B00897B22 /* MenuBar.m */,
			);
			path = MenuBar;
			sourceTree = "<group>";
		};
		BA9BCE2B175B2FDD00897B22 /* DeviceLibraryViewController */ = {
			isa = PBXGroup;
			children = (
				BA9BCE2C175B2FF600897B22 /* DeviceLibraryViewController.h */,
				BA9BCE2D175B2FF600897B22 /* DeviceLibraryViewController.m */,
			);
			path = DeviceLibraryViewController;
			sourceTree = "<group>";
		};
		BA9BCE33175B310900897B22 /* DeviceLibraryView */ = {
			isa = PBXGroup;
			children = (
				BA9BCE34175B310900897B22 /* DeviceLibraryViewController.xib */,
				BA9BCE35175B310900897B22 /* DeviceLibraryViewController_Ipad.xib */,
			);
			path = DeviceLibraryView;
			sourceTree = "<group>";
		};
		BA9BCE38175B314500897B22 /* EditViewController */ = {
			isa = PBXGroup;
			children = (
				BA9BCE39175B318500897B22 /* EditViewController.h */,
				BA9BCE3A175B318500897B22 /* EditViewController.m */,
			);
			path = EditViewController;
			sourceTree = "<group>";
		};
		BA9BCE40175B328B00897B22 /* EditView */ = {
			isa = PBXGroup;
			children = (
				BA9BCE41175B328B00897B22 /* EditViewController.xib */,
				BA9BCE42175B328B00897B22 /* EditViewController_Ipad.xib */,
			);
			path = EditView;
			sourceTree = "<group>";
		};
		BA9BCE45175B32EC00897B22 /* NetworkDeviceViewController */ = {
			isa = PBXGroup;
			children = (
				BA9BCE46175B32FE00897B22 /* NetworkDeviceViewController.h */,
				BA9BCE47175B32FE00897B22 /* NetworkDeviceViewController.m */,
			);
			path = NetworkDeviceViewController;
			sourceTree = "<group>";
		};
		BA9BCE4D175B335C00897B22 /* NetworkDeviceView */ = {
			isa = PBXGroup;
			children = (
				BA9BCE4E175B335C00897B22 /* NetworkDeviceViewController.xib */,
				BA9BCE4F175B335C00897B22 /* NetworkDeviceViewController_Ipad.xib */,
			);
			path = NetworkDeviceView;
			sourceTree = "<group>";
		};
		BA9BCE52175B33EA00897B22 /* SettingViewController */ = {
			isa = PBXGroup;
			children = (
				BA9BCE53175B33FC00897B22 /* SettingViewController.h */,
				BA9BCE54175B33FC00897B22 /* SettingViewController.m */,
			);
			path = SettingViewController;
			sourceTree = "<group>";
		};
		BA9BCE5A175B347500897B22 /* SettingView */ = {
			isa = PBXGroup;
			children = (
				BA9BCE5B175B347500897B22 /* SettingViewController.xib */,
				BA9BCE5C175B347500897B22 /* SettingViewController_Ipad.xib */,
			);
			path = SettingView;
			sourceTree = "<group>";
		};
		BA9C7EEB17565A8300640438 /* UIScreen+UIWindowSize */ = {
			isa = PBXGroup;
			children = (
				BA9C7EEC17565AA500640438 /* UIScreen+UIWindowSize.h */,
				BA9C7EED17565AA500640438 /* UIScreen+UIWindowSize.m */,
			);
			path = "UIScreen+UIWindowSize";
			sourceTree = "<group>";
		};
		BA9EFB20175704B4009B36A9 /* FMDB */ = {
			isa = PBXGroup;
			children = (
				BA9EFB21175704B4009B36A9 /* FMDatabase.h */,
				BA9EFB22175704B4009B36A9 /* FMDatabase.m */,
				BA9EFB23175704B4009B36A9 /* FMDatabaseAdditions.h */,
				BA9EFB24175704B4009B36A9 /* FMDatabaseAdditions.m */,
				BA34E42C1757581100B5A138 /* FMDatabaseOperate.h */,
				BA34E42D1757581100B5A138 /* FMDatabaseOperate.m */,
				BA9EFB25175704B4009B36A9 /* FMResultSet.h */,
				BA9EFB26175704B4009B36A9 /* FMResultSet.m */,
			);
			path = FMDB;
			sourceTree = "<group>";
		};
		BA9EFB3817572837009B36A9 /* MainNavViewController */ = {
			isa = PBXGroup;
			children = (
				BA9EFB3917572853009B36A9 /* MainNavViewController.h */,
				BA9EFB3A17572853009B36A9 /* MainNavViewController.m */,
			);
			path = MainNavViewController;
			sourceTree = "<group>";
		};
		BA9EFB40175728ED009B36A9 /* View */ = {
			isa = PBXGroup;
			children = (
				BA9BCE33175B310900897B22 /* DeviceLibraryView */,
				BA9BCE40175B328B00897B22 /* EditView */,
				BA9EFB41175728ED009B36A9 /* LoginAndRegistVIew */,
				BA9EFB4B175728ED009B36A9 /* MainNavView */,
				BA9BCE4D175B335C00897B22 /* NetworkDeviceView */,
				BA9BCE5A175B347500897B22 /* SettingView */,
			);
			path = View;
			sourceTree = "<group>";
		};
		BA9EFB41175728ED009B36A9 /* LoginAndRegistVIew */ = {
			isa = PBXGroup;
			children = (
				BA9EFB42175728ED009B36A9 /* ForgetPwdView */,
				BA9EFB45175728ED009B36A9 /* LoginView */,
				BA9EFB48175728ED009B36A9 /* RegistView */,
			);
			path = LoginAndRegistVIew;
			sourceTree = "<group>";
		};
		BA9EFB42175728ED009B36A9 /* ForgetPwdView */ = {
			isa = PBXGroup;
			children = (
				BA9EFB43175728ED009B36A9 /* ForgetPwdViewController.xib */,
				BA9EFB44175728ED009B36A9 /* ForgetPwdViewController_Ipad.xib */,
			);
			path = ForgetPwdView;
			sourceTree = "<group>";
		};
		BA9EFB45175728ED009B36A9 /* LoginView */ = {
			isa = PBXGroup;
			children = (
				BA9EFB46175728ED009B36A9 /* LoginViewController.xib */,
				BA9EFB47175728ED009B36A9 /* LoginViewController_Ipad.xib */,
			);
			path = LoginView;
			sourceTree = "<group>";
		};
		BA9EFB48175728ED009B36A9 /* RegistView */ = {
			isa = PBXGroup;
			children = (
				BA9EFB49175728ED009B36A9 /* RegistViewController.xib */,
				BA9EFB4A175728ED009B36A9 /* RegistViewController_Ipad.xib */,
			);
			path = RegistView;
			sourceTree = "<group>";
		};
		BA9EFB4B175728ED009B36A9 /* MainNavView */ = {
			isa = PBXGroup;
			children = (
				BA9EFB4C175728ED009B36A9 /* MainNavViewController.xib */,
				BA9EFB4D175728ED009B36A9 /* MainNavViewController_Ipad.xib */,
			);
			path = MainNavView;
			sourceTree = "<group>";
		};
		BAA42B5A175601BC001CA8A8 /* UIViewController+UIViewControllerNib */ = {
			isa = PBXGroup;
			children = (
				BAA42B5B175601BC001CA8A8 /* UIViewController+UIViewControllerNib.h */,
				BAA42B5C175601BC001CA8A8 /* UIViewController+UIViewControllerNib.m */,
			);
			path = "UIViewController+UIViewControllerNib";
			sourceTree = "<group>";
		};
		BAA42B5E1756023E001CA8A8 /* UIView+UIAdaptation */ = {
			isa = PBXGroup;
			children = (
				BAA42B5F17560260001CA8A8 /* UIView+UIAdaptation.h */,
				BAA42B6017560260001CA8A8 /* UIView+UIAdaptation.m */,
			);
			path = "UIView+UIAdaptation";
			sourceTree = "<group>";
		};
		BAA42B6617560794001CA8A8 /* LoginAndRegistViewController */ = {
			isa = PBXGroup;
			children = (
				BAA42B6717560794001CA8A8 /* LoginViewController.h */,
				BAA42B6817560794001CA8A8 /* LoginViewController.m */,
				BAA42B6A175607AA001CA8A8 /* RegistViewController.h */,
				BAA42B6B175607AA001CA8A8 /* RegistViewController.m */,
				BA9EFB2A175707A7009B36A9 /* ForgetPwdViewController.h */,
				BA9EFB2B175707A8009B36A9 /* ForgetPwdViewController.m */,
			);
			path = LoginAndRegistViewController;
			sourceTree = "<group>";
		};
		BAD437041755C9FE00063010 /* ShareData */ = {
			isa = PBXGroup;
			children = (
				BAD437051755C9FE00063010 /* ViewControlHeader.h */,
			);
			path = ShareData;
			sourceTree = "<group>";
		};
		BAD437061755CA0300063010 /* ViewController */ = {
			isa = PBXGroup;
			children = (
				BA9BCE2B175B2FDD00897B22 /* DeviceLibraryViewController */,
				BA9BCE38175B314500897B22 /* EditViewController */,
				BAA42B6617560794001CA8A8 /* LoginAndRegistViewController */,
				BA9EFB3817572837009B36A9 /* MainNavViewController */,
				BA9BCE45175B32EC00897B22 /* NetworkDeviceViewController */,
				BA9BCE52175B33EA00897B22 /* SettingViewController */,
			);
			path = ViewController;
			sourceTree = "<group>";
		};
		BAD4370D1755CA9F00063010 /* Resources */ = {
			isa = PBXGroup;
			children = (
				BA34E4251757464300B5A138 /* DB */,
				BA9EFB40175728ED009B36A9 /* View */,
			);
			path = Resources;
			sourceTree = "<group>";
		};
		BADA24AB175450DF0034F8D6 /* Classes */ = {
			isa = PBXGroup;
			children = (
				BADA24AC175450DF0034F8D6 /* AppDelegate */,
				BAD437041755C9FE00063010 /* ShareData */,
				BAD437061755CA0300063010 /* ViewController */,
			);
			path = Classes;
			sourceTree = "<group>";
		};
		BADA24AC175450DF0034F8D6 /* AppDelegate */ = {
			isa = PBXGroup;
			children = (
				BADA24AD175450DF0034F8D6 /* AppDelegate.h */,
				BADA24AE175450DF0034F8D6 /* AppDelegate.m */,
			);
			path = AppDelegate;
			sourceTree = "<group>";
		};
		BADA24B0175450E80034F8D6 /* Externals */ = {
			isa = PBXGroup;
			children = (
				BA900A3B1758FFAD00FE5814 /* BJGridItem */,
				BA929F111757A0F6007742B3 /* CloudService */,
				BADA24B1175450E80034F8D6 /* Debug */,
				BA9EFB20175704B4009B36A9 /* FMDB */,
				BA9BCE27175AFD5400897B22 /* MenuBar */,
				BA929F291757ADDB007742B3 /* NSString+OAURLEncodingAdditions */,
				BA929F151757AC91007742B3 /* SBJSON */,
				BA9C7EEB17565A8300640438 /* UIScreen+UIWindowSize */,
				BAA42B5E1756023E001CA8A8 /* UIView+UIAdaptation */,
				BA34E42817574D7600B5A138 /* UIViewController+ShowInfoDialog */,
				BAA42B5A175601BC001CA8A8 /* UIViewController+UIViewControllerNib */,
			);
			path = Externals;
			sourceTree = "<group>";
		};
		BADA24B1175450E80034F8D6 /* Debug */ = {
			isa = PBXGroup;
			children = (
				BADA24B2175450E80034F8D6 /* CLog.h */,
			);
			path = Debug;
			sourceTree = "<group>";
		};
		BAF2DEAA1754496C0038C0F9 = {
			isa = PBXGroup;
			children = (
				BAF2DEBC1754496C0038C0F9 /* DeviceShop */,
				BAF2DEB51754496C0038C0F9 /* Frameworks */,
				BAF2DEB41754496C0038C0F9 /* Products */,
			);
			sourceTree = "<group>";
		};
		BAF2DEB41754496C0038C0F9 /* Products */ = {
			isa = PBXGroup;
			children = (
				BAF2DEB31754496C0038C0F9 /* DeviceShop.app */,
			);
			name = Products;
			sourceTree = "<group>";
		};
		BAF2DEB51754496C0038C0F9 /* Frameworks */ = {
			isa = PBXGroup;
			children = (
				BA9EFB31175708E0009B36A9 /* libsqlite3.0.dylib */,
				BAF2DEBA1754496C0038C0F9 /* CoreGraphics.framework */,
				BAF2DEB81754496C0038C0F9 /* Foundation.framework */,
				BA900A3F175901AB00FE5814 /* QuartzCore.framework */,
				BAF2DED41754496D0038C0F9 /* SenTestingKit.framework */,
				BAF2DEB61754496C0038C0F9 /* UIKit.framework */,
			);
			name = Frameworks;
			sourceTree = "<group>";
		};
		BAF2DEBC1754496C0038C0F9 /* DeviceShop */ = {
			isa = PBXGroup;
			children = (
				BADA24AB175450DF0034F8D6 /* Classes */,
				BADA24B0175450E80034F8D6 /* Externals */,
				BAD4370D1755CA9F00063010 /* Resources */,
				BAF2DEBD1754496C0038C0F9 /* Supporting Files */,
			);
			path = DeviceShop;
			sourceTree = "<group>";
		};
		BAF2DEBD1754496C0038C0F9 /* Supporting Files */ = {
			isa = PBXGroup;
			children = (
				BAF2DEBE1754496C0038C0F9 /* DeviceShop-Info.plist */,
				BAF2DEBF1754496C0038C0F9 /* InfoPlist.strings */,
				BAF2DEC21754496C0038C0F9 /* main.m */,
				BAF2DEC41754496C0038C0F9 /* DeviceShop-Prefix.pch */,
				BAF2DEC81754496C0038C0F9 /* Default.png */,
				BAF2DECA1754496C0038C0F9 /* Default@2x.png */,
				BAF2DECC1754496C0038C0F9 /* Default-568h@2x.png */,
			);
			name = "Supporting Files";
			sourceTree = "<group>";
		};
/* End PBXGroup section */

/* Begin PBXNativeTarget section */
		BAF2DEB21754496C0038C0F9 /* DeviceShop */ = {
			isa = PBXNativeTarget;
			buildConfigurationList = BAF2DEE51754496D0038C0F9 /* Build configuration list for PBXNativeTarget "DeviceShop" */;
			buildPhases = (
				BAF2DEAF1754496C0038C0F9 /* Sources */,
				BAF2DEB01754496C0038C0F9 /* Frameworks */,
				BAF2DEB11754496C0038C0F9 /* Resources */,
			);
			buildRules = (
			);
			dependencies = (
			);
			name = DeviceShop;
			productName = DeviceShop;
			productReference = BAF2DEB31754496C0038C0F9 /* DeviceShop.app */;
			productType = "com.apple.product-type.application";
		};
/* End PBXNativeTarget section */

/* Begin PBXProject section */
		BAF2DEAB1754496C0038C0F9 /* Project object */ = {
			isa = PBXProject;
			attributes = {
				LastUpgradeCheck = 0460;
				ORGANIZATIONNAME = lynn;
			};
			buildConfigurationList = BAF2DEAE1754496C0038C0F9 /* Build configuration list for PBXProject "DeviceShop" */;
			compatibilityVersion = "Xcode 3.2";
			developmentRegion = English;
			hasScannedForEncodings = 0;
			knownRegions = (
				en,
			);
			mainGroup = BAF2DEAA1754496C0038C0F9;
			productRefGroup = BAF2DEB41754496C0038C0F9 /* Products */;
			projectDirPath = "";
			projectRoot = "";
			targets = (
				BAF2DEB21754496C0038C0F9 /* DeviceShop */,
			);
		};
/* End PBXProject section */

/* Begin PBXResourcesBuildPhase section */
		BAF2DEB11754496C0038C0F9 /* Resources */ = {
			isa = PBXResourcesBuildPhase;
			buildActionMask = 2147483647;
			files = (
				BAF2DEC11754496C0038C0F9 /* InfoPlist.strings in Resources */,
				BAF2DEC91754496C0038C0F9 /* Default.png in Resources */,
				BAF2DECB1754496C0038C0F9 /* Default@2x.png in Resources */,
				BAF2DECD1754496C0038C0F9 /* Default-568h@2x.png in Resources */,
				BA9EFB4E175728ED009B36A9 /* ForgetPwdViewController.xib in Resources */,
				BA9EFB4F175728ED009B36A9 /* ForgetPwdViewController_Ipad.xib in Resources */,
				BA9EFB50175728ED009B36A9 /* LoginViewController.xib in Resources */,
				BA9EFB51175728ED009B36A9 /* LoginViewController_Ipad.xib in Resources */,
				BA9EFB52175728ED009B36A9 /* RegistViewController.xib in Resources */,
				BA9EFB53175728ED009B36A9 /* RegistViewController_Ipad.xib in Resources */,
				BA9EFB54175728ED009B36A9 /* MainNavViewController.xib in Resources */,
				BA9EFB55175728ED009B36A9 /* MainNavViewController_Ipad.xib in Resources */,
				BA34E4271757464300B5A138 /* DeviceShop.db in Resources */,
				BA9BCE36175B310900897B22 /* DeviceLibraryViewController.xib in Resources */,
				BA9BCE37175B310900897B22 /* DeviceLibraryViewController_Ipad.xib in Resources */,
				BA9BCE43175B328B00897B22 /* EditViewController.xib in Resources */,
				BA9BCE44175B328B00897B22 /* EditViewController_Ipad.xib in Resources */,
				BA9BCE50175B335C00897B22 /* NetworkDeviceViewController.xib in Resources */,
				BA9BCE51175B335C00897B22 /* NetworkDeviceViewController_Ipad.xib in Resources */,
				BA9BCE5D175B347500897B22 /* SettingViewController.xib in Resources */,
				BA9BCE5E175B347500897B22 /* SettingViewController_Ipad.xib in Resources */,
			);
			runOnlyForDeploymentPostprocessing = 0;
		};
/* End PBXResourcesBuildPhase section */

/* Begin PBXSourcesBuildPhase section */
		BAF2DEAF1754496C0038C0F9 /* Sources */ = {
			isa = PBXSourcesBuildPhase;
			buildActionMask = 2147483647;
			files = (
				BAF2DEC31754496C0038C0F9 /* main.m in Sources */,
				BADA24AF175450DF0034F8D6 /* AppDelegate.m in Sources */,
				BAA42B5D175601BC001CA8A8 /* UIViewController+UIViewControllerNib.m in Sources */,
				BAA42B6117560260001CA8A8 /* UIView+UIAdaptation.m in Sources */,
				BAA42B6917560794001CA8A8 /* LoginViewController.m in Sources */,
				BAA42B6D175607AA001CA8A8 /* RegistViewController.m in Sources */,
				BA9C7EEE17565AA500640438 /* UIScreen+UIWindowSize.m in Sources */,
				BA9EFB27175704B4009B36A9 /* FMDatabase.m in Sources */,
				BA9EFB28175704B4009B36A9 /* FMDatabaseAdditions.m in Sources */,
				BA9EFB29175704B4009B36A9 /* FMResultSet.m in Sources */,
				BA9EFB2D175707A8009B36A9 /* ForgetPwdViewController.m in Sources */,
				BA9EFB3C17572853009B36A9 /* MainNavViewController.m in Sources */,
				BA34E42B17574D9700B5A138 /* UIViewController+ShowInfoDialog.m in Sources */,
				BA34E42E1757581200B5A138 /* FMDatabaseOperate.m in Sources */,
				BA929F141757A109007742B3 /* CloudService.m in Sources */,
				BA929F231757AC91007742B3 /* NSObject+SBJSON.m in Sources */,
				BA929F241757AC91007742B3 /* NSString+SBJSON.m in Sources */,
				BA929F251757AC91007742B3 /* SBJSON.m in Sources */,
				BA929F261757AC91007742B3 /* SBJsonBase.m in Sources */,
				BA929F271757AC91007742B3 /* SBJsonParser.m in Sources */,
				BA929F281757AC91007742B3 /* SBJsonWriter.m in Sources */,
				BA929F2C1757ADEB007742B3 /* NSString+OAURLEncodingAdditions.m in Sources */,
				BA900A3E1758FFAD00FE5814 /* BJGridItem.m in Sources */,
				BA9BCE2A175AFD7B00897B22 /* MenuBar.m in Sources */,
				BA9BCE2F175B2FF600897B22 /* DeviceLibraryViewController.m in Sources */,
				BA9BCE3C175B318500897B22 /* EditViewController.m in Sources */,
				BA9BCE49175B32FE00897B22 /* NetworkDeviceViewController.m in Sources */,
				BA9BCE56175B33FC00897B22 /* SettingViewController.m in Sources */,
			);
			runOnlyForDeploymentPostprocessing = 0;
		};
/* End PBXSourcesBuildPhase section */

/* Begin PBXVariantGroup section */
		BAF2DEBF1754496C0038C0F9 /* InfoPlist.strings */ = {
			isa = PBXVariantGroup;
			children = (
				BAF2DEC01754496C0038C0F9 /* en */,
			);
			name = InfoPlist.strings;
			sourceTree = "<group>";
		};
/* End PBXVariantGroup section */

/* Begin XCBuildConfiguration section */
		BAF2DEE31754496D0038C0F9 /* Debug */ = {
			isa = XCBuildConfiguration;
			buildSettings = {
				ALWAYS_SEARCH_USER_PATHS = NO;
				CLANG_CXX_LANGUAGE_STANDARD = "gnu++0x";
				CLANG_CXX_LIBRARY = "libc++";
				CLANG_WARN_CONSTANT_CONVERSION = YES;
				CLANG_WARN_EMPTY_BODY = YES;
				CLANG_WARN_ENUM_CONVERSION = YES;
				CLANG_WARN_INT_CONVERSION = YES;
				CLANG_WARN__DUPLICATE_METHOD_MATCH = YES;
				"CODE_SIGN_IDENTITY[sdk=iphoneos*]" = "iPhone Developer";
				COPY_PHASE_STRIP = NO;
				GCC_C_LANGUAGE_STANDARD = gnu99;
				GCC_DYNAMIC_NO_PIC = NO;
				GCC_OPTIMIZATION_LEVEL = 0;
				GCC_PREPROCESSOR_DEFINITIONS = (
					"DEBUG=1",
					"$(inherited)",
				);
				GCC_SYMBOLS_PRIVATE_EXTERN = NO;
				GCC_WARN_ABOUT_RETURN_TYPE = YES;
				GCC_WARN_UNINITIALIZED_AUTOS = YES;
				GCC_WARN_UNUSED_VARIABLE = YES;
				IPHONEOS_DEPLOYMENT_TARGET = 4.3;
				ONLY_ACTIVE_ARCH = YES;
				SDKROOT = iphoneos;
				TARGETED_DEVICE_FAMILY = "1,2";
			};
			name = Debug;
		};
		BAF2DEE41754496D0038C0F9 /* Release */ = {
			isa = XCBuildConfiguration;
			buildSettings = {
				ALWAYS_SEARCH_USER_PATHS = NO;
				CLANG_CXX_LANGUAGE_STANDARD = "gnu++0x";
				CLANG_CXX_LIBRARY = "libc++";
				CLANG_WARN_CONSTANT_CONVERSION = YES;
				CLANG_WARN_EMPTY_BODY = YES;
				CLANG_WARN_ENUM_CONVERSION = YES;
				CLANG_WARN_INT_CONVERSION = YES;
				CLANG_WARN__DUPLICATE_METHOD_MATCH = YES;
				"CODE_SIGN_IDENTITY[sdk=iphoneos*]" = "iPhone Developer";
				COPY_PHASE_STRIP = YES;
				GCC_C_LANGUAGE_STANDARD = gnu99;
				GCC_WARN_ABOUT_RETURN_TYPE = YES;
				GCC_WARN_UNINITIALIZED_AUTOS = YES;
				GCC_WARN_UNUSED_VARIABLE = YES;
				IPHONEOS_DEPLOYMENT_TARGET = 4.3;
				OTHER_CFLAGS = "-DNS_BLOCK_ASSERTIONS=1";
				SDKROOT = iphoneos;
				TARGETED_DEVICE_FAMILY = "1,2";
				VALIDATE_PRODUCT = YES;
			};
			name = Release;
		};
		BAF2DEE61754496D0038C0F9 /* Debug */ = {
			isa = XCBuildConfiguration;
			buildSettings = {
				GCC_PRECOMPILE_PREFIX_HEADER = YES;
				GCC_PREFIX_HEADER = "DeviceShop/DeviceShop-Prefix.pch";
				INFOPLIST_FILE = "DeviceShop/DeviceShop-Info.plist";
				IPHONEOS_DEPLOYMENT_TARGET = 4.3;
				PRODUCT_NAME = "$(TARGET_NAME)";
				TARGETED_DEVICE_FAMILY = "1,2";
				WRAPPER_EXTENSION = app;
			};
			name = Debug;
		};
		BAF2DEE71754496D0038C0F9 /* Release */ = {
			isa = XCBuildConfiguration;
			buildSettings = {
				GCC_PRECOMPILE_PREFIX_HEADER = YES;
				GCC_PREFIX_HEADER = "DeviceShop/DeviceShop-Prefix.pch";
				INFOPLIST_FILE = "DeviceShop/DeviceShop-Info.plist";
				IPHONEOS_DEPLOYMENT_TARGET = 4.3;
				PRODUCT_NAME = "$(TARGET_NAME)";
				TARGETED_DEVICE_FAMILY = "1,2";
				WRAPPER_EXTENSION = app;
			};
			name = Release;
		};
/* End XCBuildConfiguration section */

/* Begin XCConfigurationList section */
		BAF2DEAE1754496C0038C0F9 /* Build configuration list for PBXProject "DeviceShop" */ = {
			isa = XCConfigurationList;
			buildConfigurations = (
				BAF2DEE31754496D0038C0F9 /* Debug */,
				BAF2DEE41754496D0038C0F9 /* Release */,
			);
			defaultConfigurationIsVisible = 0;
			defaultConfigurationName = Release;
		};
		BAF2DEE51754496D0038C0F9 /* Build configuration list for PBXNativeTarget "DeviceShop" */ = {
			isa = XCConfigurationList;
			buildConfigurations = (
				BAF2DEE61754496D0038C0F9 /* Debug */,
				BAF2DEE71754496D0038C0F9 /* Release */,
			);
			defaultConfigurationIsVisible = 0;
			defaultConfigurationName = Release;
		};
/* End XCConfigurationList section */
	};
	rootObject = BAF2DEAB1754496C0038C0F9 /* Project object */;
}
