// !$*UTF8*$!
{
	archiveVersion = 1;
	classes = {
	};
	objectVersion = 46;
	objects = {

/* Begin PBXBuildFile section */
		BA34E4271757464300B5A138 /* DeviceShop.db in Resources */ = {isa = PBXBuildFile; fileRef = BA34E4261757464300B5A138 /* DeviceShop.db */; };
		BA34E42B17574D9700B5A138 /* UIViewController+ShowInfoDialog.m in Sources */ = {isa = PBXBuildFile; fileRef = BA34E42A17574D9700B5A138 /* UIViewController+ShowInfoDialog.m */; };
		BA34E42E1757581200B5A138 /* FMDatabaseOperate.m in Sources */ = {isa = PBXBuildFile; fileRef = BA34E42D1757581100B5A138 /* FMDatabaseOperate.m */; };
		BA900A3E1758FFAD00FE5814 /* BJGridItem.m in Sources */ = {isa = PBXBuildFile; fileRef = BA900A3D1758FFAD00FE5814 /* BJGridItem.m */; };
		BA900A40175901AB00FE5814 /* QuartzCore.framework in Frameworks */ = {isa = PBXBuildFile; fileRef = BA900A3F175901AB00FE5814 /* QuartzCore.framework */; };
		BA929F141757A109007742B3 /* CloudService.m in Sources */ = {isa = PBXBuildFile; fileRef = BA929F131757A109007742B3 /* CloudService.m */; };
		BA929F231757AC91007742B3 /* NSObject+SBJSON.m in Sources */ = {isa = PBXBuildFile; fileRef = BA929F181757AC91007742B3 /* NSObject+SBJSON.m */; };
		BA929F241757AC91007742B3 /* NSString+SBJSON.m in Sources */ = {isa = PBXBuildFile; fileRef = BA929F1A1757AC91007742B3 /* NSString+SBJSON.m */; };
		BA929F251757AC91007742B3 /* SBJSON.m in Sources */ = {isa = PBXBuildFile; fileRef = BA929F1C1757AC91007742B3 /* SBJSON.m */; };
		BA929F261757AC91007742B3 /* SBJsonBase.m in Sources */ = {isa = PBXBuildFile; fileRef = BA929F1E1757AC91007742B3 /* SBJsonBase.m */; };
		BA929F271757AC91007742B3 /* SBJsonParser.m in Sources */ = {isa = PBXBuildFile; fileRef = BA929F201757AC91007742B3 /* SBJsonParser.m */; };
		BA929F281757AC91007742B3 /* SBJsonWriter.m in Sources */ = {isa = PBXBuildFile; fileRef = BA929F221757AC91007742B3 /* SBJsonWriter.m */; };
		BA929F2C1757ADEB007742B3 /* NSString+OAURLEncodingAdditions.m in Sources */ = {isa = PBXBuildFile; fileRef = BA929F2B1757ADEB007742B3 /* NSString+OAURLEncodingAdditions.m */; };
		BA95115E175B851000323AEC /* HelpViewController.m in Sources */ = {isa = PBXBuildFile; fileRef = BA95115C175B851000323AEC /* HelpViewController.m */; };
		BA951165175B85B400323AEC /* HelpViewController.xib in Resources */ = {isa = PBXBuildFile; fileRef = BA951163175B85B300323AEC /* HelpViewController.xib */; };
		BA951166175B85B400323AEC /* HelpViewController_Ipad.xib in Resources */ = {isa = PBXBuildFile; fileRef = BA951164175B85B300323AEC /* HelpViewController_Ipad.xib */; };
		BA95116A175B88D000323AEC /* ChangBackgroupViewController.m in Sources */ = {isa = PBXBuildFile; fileRef = BA951168175B88D000323AEC /* ChangBackgroupViewController.m */; };
		BA951173175B90FB00323AEC /* ChangBackgroupViewController.xib in Resources */ = {isa = PBXBuildFile; fileRef = BA951171175B90FB00323AEC /* ChangBackgroupViewController.xib */; };
		BA951174175B90FB00323AEC /* ChangBackgroupViewController_Ipad.xib in Resources */ = {isa = PBXBuildFile; fileRef = BA951172175B90FB00323AEC /* ChangBackgroupViewController_Ipad.xib */; };
		BA951178175B91E800323AEC /* RecoverViewController.m in Sources */ = {isa = PBXBuildFile; fileRef = BA951176175B91E800323AEC /* RecoverViewController.m */; };
		BA951182175B923300323AEC /* ChangBackgroupViewController.xib in Resources */ = {isa = PBXBuildFile; fileRef = BA95117D175B923300323AEC /* ChangBackgroupViewController.xib */; };
		BA951183175B923300323AEC /* ChangBackgroupViewController_Ipad.xib in Resources */ = {isa = PBXBuildFile; fileRef = BA95117E175B923300323AEC /* ChangBackgroupViewController_Ipad.xib */; };
		BA951184175B923300323AEC /* HelpViewController.xib in Resources */ = {isa = PBXBuildFile; fileRef = BA951180175B923300323AEC /* HelpViewController.xib */; };
		BA951185175B923300323AEC /* HelpViewController_Ipad.xib in Resources */ = {isa = PBXBuildFile; fileRef = BA951181175B923300323AEC /* HelpViewController_Ipad.xib */; };
		BA951189175B926000323AEC /* RecoverViewController.xib in Resources */ = {isa = PBXBuildFile; fileRef = BA951187175B926000323AEC /* RecoverViewController.xib */; };
		BA95118A175B926000323AEC /* RecoverViewController_Ipad.xib in Resources */ = {isa = PBXBuildFile; fileRef = BA951188175B926000323AEC /* RecoverViewController_Ipad.xib */; };
		BA95118E175B927400323AEC /* BackUpViewController.m in Sources */ = {isa = PBXBuildFile; fileRef = BA95118C175B927100323AEC /* BackUpViewController.m */; };
		BA951195175B92D900323AEC /* BackUpViewController.xib in Resources */ = {isa = PBXBuildFile; fileRef = BA951193175B92D900323AEC /* BackUpViewController.xib */; };
		BA951196175B92D900323AEC /* BackUpViewController_Ipad.xib in Resources */ = {isa = PBXBuildFile; fileRef = BA951194175B92D900323AEC /* BackUpViewController_Ipad.xib */; };
		BA95119A175B92F900323AEC /* ShareManagerViewController.m in Sources */ = {isa = PBXBuildFile; fileRef = BA951198175B92F900323AEC /* ShareManagerViewController.m */; };
		BA9511A1175B95BB00323AEC /* ShareManagerViewController.xib in Resources */ = {isa = PBXBuildFile; fileRef = BA95119F175B95BB00323AEC /* ShareManagerViewController.xib */; };
		BA9511A2175B95BB00323AEC /* ShareManagerViewController_Ipad.xib in Resources */ = {isa = PBXBuildFile; fileRef = BA9511A0175B95BB00323AEC /* ShareManagerViewController_Ipad.xib */; };
		BA954369175F778D003C3897 /* PwdInputPadView.m in Sources */ = {isa = PBXBuildFile; fileRef = BA954368175F778D003C3897 /* PwdInputPadView.m */; };
		BA9543AB175F88D1003C3897 /* controlPwd.psd.txt in Resources */ = {isa = PBXBuildFile; fileRef = BA95436C175F88D1003C3897 /* controlPwd.psd.txt */; };
		BA9543AC175F88D1003C3897 /* ip_bg.png in Resources */ = {isa = PBXBuildFile; fileRef = BA95436D175F88D1003C3897 /* ip_bg.png */; };
		BA9543AD175F88D1003C3897 /* ip_bg@2x.png in Resources */ = {isa = PBXBuildFile; fileRef = BA95436E175F88D1003C3897 /* ip_bg@2x.png */; };
		BA9543AE175F88D1003C3897 /* ip_cancel.png in Resources */ = {isa = PBXBuildFile; fileRef = BA95436F175F88D1003C3897 /* ip_cancel.png */; };
		BA9543AF175F88D1003C3897 /* ip_cancel_hl@2x.png in Resources */ = {isa = PBXBuildFile; fileRef = BA954370175F88D1003C3897 /* ip_cancel_hl@2x.png */; };
		BA9543B0175F88D1003C3897 /* ip_del.png in Resources */ = {isa = PBXBuildFile; fileRef = BA954371175F88D1003C3897 /* ip_del.png */; };
		BA9543B1175F88D1003C3897 /* ip_del@2x.png in Resources */ = {isa = PBXBuildFile; fileRef = BA954372175F88D1003C3897 /* ip_del@2x.png */; };
		BA9543B2175F88D1003C3897 /* ip_del_hl.png in Resources */ = {isa = PBXBuildFile; fileRef = BA954373175F88D1003C3897 /* ip_del_hl.png */; };
		BA9543B3175F88D1003C3897 /* ip_del_hl@2x.png in Resources */ = {isa = PBXBuildFile; fileRef = BA954374175F88D1003C3897 /* ip_del_hl@2x.png */; };
		BA9543B4175F88D1003C3897 /* ip_num0.png in Resources */ = {isa = PBXBuildFile; fileRef = BA954375175F88D1003C3897 /* ip_num0.png */; };
		BA9543B5175F88D1003C3897 /* ip_num0@2x.png in Resources */ = {isa = PBXBuildFile; fileRef = BA954376175F88D1003C3897 /* ip_num0@2x.png */; };
		BA9543B6175F88D1003C3897 /* ip_num0_hl.png in Resources */ = {isa = PBXBuildFile; fileRef = BA954377175F88D1003C3897 /* ip_num0_hl.png */; };
		BA9543B7175F88D1003C3897 /* ip_num0_hl@2x.png in Resources */ = {isa = PBXBuildFile; fileRef = BA954378175F88D1003C3897 /* ip_num0_hl@2x.png */; };
		BA9543B8175F88D1003C3897 /* ip_num1.png in Resources */ = {isa = PBXBuildFile; fileRef = BA954379175F88D1003C3897 /* ip_num1.png */; };
		BA9543B9175F88D1003C3897 /* ip_num1@2x.png in Resources */ = {isa = PBXBuildFile; fileRef = BA95437A175F88D1003C3897 /* ip_num1@2x.png */; };
		BA9543BA175F88D1003C3897 /* ip_num1_hl.png in Resources */ = {isa = PBXBuildFile; fileRef = BA95437B175F88D1003C3897 /* ip_num1_hl.png */; };
		BA9543BB175F88D1003C3897 /* ip_num1_hl@2x.png in Resources */ = {isa = PBXBuildFile; fileRef = BA95437C175F88D1003C3897 /* ip_num1_hl@2x.png */; };
		BA9543BC175F88D1003C3897 /* ip_num2.png in Resources */ = {isa = PBXBuildFile; fileRef = BA95437D175F88D1003C3897 /* ip_num2.png */; };
		BA9543BD175F88D1003C3897 /* ip_num2@2x.png in Resources */ = {isa = PBXBuildFile; fileRef = BA95437E175F88D1003C3897 /* ip_num2@2x.png */; };
		BA9543BE175F88D1003C3897 /* ip_num2_hl.png in Resources */ = {isa = PBXBuildFile; fileRef = BA95437F175F88D1003C3897 /* ip_num2_hl.png */; };
		BA9543BF175F88D1003C3897 /* ip_num2_hl@2x.png in Resources */ = {isa = PBXBuildFile; fileRef = BA954380175F88D1003C3897 /* ip_num2_hl@2x.png */; };
		BA9543C0175F88D1003C3897 /* ip_num3.png in Resources */ = {isa = PBXBuildFile; fileRef = BA954381175F88D1003C3897 /* ip_num3.png */; };
		BA9543C1175F88D1003C3897 /* ip_num3@2x.png in Resources */ = {isa = PBXBuildFile; fileRef = BA954382175F88D1003C3897 /* ip_num3@2x.png */; };
		BA9543C2175F88D1003C3897 /* ip_num3_hl.png in Resources */ = {isa = PBXBuildFile; fileRef = BA954383175F88D1003C3897 /* ip_num3_hl.png */; };
		BA9543C3175F88D1003C3897 /* ip_num3_hl@2x.png in Resources */ = {isa = PBXBuildFile; fileRef = BA954384175F88D1003C3897 /* ip_num3_hl@2x.png */; };
		BA9543C4175F88D1003C3897 /* ip_num4.png in Resources */ = {isa = PBXBuildFile; fileRef = BA954385175F88D1003C3897 /* ip_num4.png */; };
		BA9543C5175F88D1003C3897 /* ip_num4@2x.png in Resources */ = {isa = PBXBuildFile; fileRef = BA954386175F88D1003C3897 /* ip_num4@2x.png */; };
		BA9543C6175F88D1003C3897 /* ip_num4_hl.png in Resources */ = {isa = PBXBuildFile; fileRef = BA954387175F88D1003C3897 /* ip_num4_hl.png */; };
		BA9543C7175F88D1003C3897 /* ip_num4_hl@2x.png in Resources */ = {isa = PBXBuildFile; fileRef = BA954388175F88D1003C3897 /* ip_num4_hl@2x.png */; };
		BA9543C8175F88D1003C3897 /* ip_num5.png in Resources */ = {isa = PBXBuildFile; fileRef = BA954389175F88D1003C3897 /* ip_num5.png */; };
		BA9543C9175F88D1003C3897 /* ip_num5@2x.png in Resources */ = {isa = PBXBuildFile; fileRef = BA95438A175F88D1003C3897 /* ip_num5@2x.png */; };
		BA9543CA175F88D1003C3897 /* ip_num5_hl.png in Resources */ = {isa = PBXBuildFile; fileRef = BA95438B175F88D1003C3897 /* ip_num5_hl.png */; };
		BA9543CB175F88D1003C3897 /* ip_num5_hl@2x.png in Resources */ = {isa = PBXBuildFile; fileRef = BA95438C175F88D1003C3897 /* ip_num5_hl@2x.png */; };
		BA9543CC175F88D1003C3897 /* ip_num6.png in Resources */ = {isa = PBXBuildFile; fileRef = BA95438D175F88D1003C3897 /* ip_num6.png */; };
		BA9543CD175F88D1003C3897 /* ip_num6@2x.png in Resources */ = {isa = PBXBuildFile; fileRef = BA95438E175F88D1003C3897 /* ip_num6@2x.png */; };
		BA9543CE175F88D1003C3897 /* ip_num6_hl.png in Resources */ = {isa = PBXBuildFile; fileRef = BA95438F175F88D1003C3897 /* ip_num6_hl.png */; };
		BA9543CF175F88D1003C3897 /* ip_num6_hl@2x.png in Resources */ = {isa = PBXBuildFile; fileRef = BA954390175F88D1003C3897 /* ip_num6_hl@2x.png */; };
		BA9543D0175F88D1003C3897 /* ip_num7.png in Resources */ = {isa = PBXBuildFile; fileRef = BA954391175F88D1003C3897 /* ip_num7.png */; };
		BA9543D1175F88D1003C3897 /* ip_num7@2x.png in Resources */ = {isa = PBXBuildFile; fileRef = BA954392175F88D1003C3897 /* ip_num7@2x.png */; };
		BA9543D2175F88D1003C3897 /* ip_num7_hl.png in Resources */ = {isa = PBXBuildFile; fileRef = BA954393175F88D1003C3897 /* ip_num7_hl.png */; };
		BA9543D3175F88D1003C3897 /* ip_num7_hl@2x.png in Resources */ = {isa = PBXBuildFile; fileRef = BA954394175F88D1003C3897 /* ip_num7_hl@2x.png */; };
		BA9543D4175F88D1003C3897 /* ip_num8.png in Resources */ = {isa = PBXBuildFile; fileRef = BA954395175F88D1003C3897 /* ip_num8.png */; };
		BA9543D5175F88D1003C3897 /* ip_num8@2x.png in Resources */ = {isa = PBXBuildFile; fileRef = BA954396175F88D1003C3897 /* ip_num8@2x.png */; };
		BA9543D6175F88D1003C3897 /* ip_num8_hl.png in Resources */ = {isa = PBXBuildFile; fileRef = BA954397175F88D1003C3897 /* ip_num8_hl.png */; };
		BA9543D7175F88D1003C3897 /* ip_num8_hl@2x.png in Resources */ = {isa = PBXBuildFile; fileRef = BA954398175F88D1003C3897 /* ip_num8_hl@2x.png */; };
		BA9543D8175F88D1003C3897 /* ip_num9.png in Resources */ = {isa = PBXBuildFile; fileRef = BA954399175F88D1003C3897 /* ip_num9.png */; };
		BA9543D9175F88D1003C3897 /* ip_num9@2x.png in Resources */ = {isa = PBXBuildFile; fileRef = BA95439A175F88D1003C3897 /* ip_num9@2x.png */; };
		BA9543DA175F88D1003C3897 /* ip_num9_hl.png in Resources */ = {isa = PBXBuildFile; fileRef = BA95439B175F88D1003C3897 /* ip_num9_hl.png */; };
		BA9543DB175F88D1003C3897 /* ip_num9_hl@2x.png in Resources */ = {isa = PBXBuildFile; fileRef = BA95439C175F88D1003C3897 /* ip_num9_hl@2x.png */; };
		BA9543DC175F88D1003C3897 /* ip_num_bg.png in Resources */ = {isa = PBXBuildFile; fileRef = BA95439D175F88D1003C3897 /* ip_num_bg.png */; };
		BA9543DD175F88D1003C3897 /* ip_num_bg@2x.png in Resources */ = {isa = PBXBuildFile; fileRef = BA95439E175F88D1003C3897 /* ip_num_bg@2x.png */; };
		BA9543DE175F88D1003C3897 /* ip_space.png in Resources */ = {isa = PBXBuildFile; fileRef = BA95439F175F88D1003C3897 /* ip_space.png */; };
		BA9543DF175F88D1003C3897 /* ip_space@2x.png in Resources */ = {isa = PBXBuildFile; fileRef = BA9543A0175F88D1003C3897 /* ip_space@2x.png */; };
		BA9543E0175F88D1003C3897 /* ip_txt_bg.png in Resources */ = {isa = PBXBuildFile; fileRef = BA9543A1175F88D1003C3897 /* ip_txt_bg.png */; };
		BA9543E1175F88D1003C3897 /* ip_txt_bg@2x.png in Resources */ = {isa = PBXBuildFile; fileRef = BA9543A2175F88D1003C3897 /* ip_txt_bg@2x.png */; };
		BA9543E2175F88D1003C3897 /* ip_txt_fld1.png in Resources */ = {isa = PBXBuildFile; fileRef = BA9543A3175F88D1003C3897 /* ip_txt_fld1.png */; };
		BA9543E3175F88D1003C3897 /* ip_txt_fld1@2x.png in Resources */ = {isa = PBXBuildFile; fileRef = BA9543A4175F88D1003C3897 /* ip_txt_fld1@2x.png */; };
		BA9543E4175F88D1003C3897 /* ip_txt_fld2.png in Resources */ = {isa = PBXBuildFile; fileRef = BA9543A5175F88D1003C3897 /* ip_txt_fld2.png */; };
		BA9543E5175F88D1003C3897 /* ip_txt_fld2@2x.png in Resources */ = {isa = PBXBuildFile; fileRef = BA9543A6175F88D1003C3897 /* ip_txt_fld2@2x.png */; };
		BA9543E6175F88D1003C3897 /* ip_txt_fld3.png in Resources */ = {isa = PBXBuildFile; fileRef = BA9543A7175F88D1003C3897 /* ip_txt_fld3.png */; };
		BA9543E7175F88D1003C3897 /* ip_txt_fld3@2x.png in Resources */ = {isa = PBXBuildFile; fileRef = BA9543A8175F88D1003C3897 /* ip_txt_fld3@2x.png */; };
		BA9543E8175F88D1003C3897 /* ip_txt_fld4.png in Resources */ = {isa = PBXBuildFile; fileRef = BA9543A9175F88D1003C3897 /* ip_txt_fld4.png */; };
		BA9543E9175F88D1003C3897 /* ip_txt_fld4@2x.png in Resources */ = {isa = PBXBuildFile; fileRef = BA9543AA175F88D1003C3897 /* ip_txt_fld4@2x.png */; };
		BA9BCE2A175AFD7B00897B22 /* MenuBar.m in Sources */ = {isa = PBXBuildFile; fileRef = BA9BCE29175AFD7B00897B22 /* MenuBar.m */; };
		BA9BCE2F175B2FF600897B22 /* DeviceLibraryViewController.m in Sources */ = {isa = PBXBuildFile; fileRef = BA9BCE2D175B2FF600897B22 /* DeviceLibraryViewController.m */; };
		BA9BCE36175B310900897B22 /* DeviceLibraryViewController.xib in Resources */ = {isa = PBXBuildFile; fileRef = BA9BCE34175B310900897B22 /* DeviceLibraryViewController.xib */; };
		BA9BCE37175B310900897B22 /* DeviceLibraryViewController_Ipad.xib in Resources */ = {isa = PBXBuildFile; fileRef = BA9BCE35175B310900897B22 /* DeviceLibraryViewController_Ipad.xib */; };
		BA9BCE3C175B318500897B22 /* EditViewController.m in Sources */ = {isa = PBXBuildFile; fileRef = BA9BCE3A175B318500897B22 /* EditViewController.m */; };
		BA9BCE43175B328B00897B22 /* EditViewController.xib in Resources */ = {isa = PBXBuildFile; fileRef = BA9BCE41175B328B00897B22 /* EditViewController.xib */; };
		BA9BCE44175B328B00897B22 /* EditViewController_Ipad.xib in Resources */ = {isa = PBXBuildFile; fileRef = BA9BCE42175B328B00897B22 /* EditViewController_Ipad.xib */; };
		BA9BCE49175B32FE00897B22 /* NetworkDeviceViewController.m in Sources */ = {isa = PBXBuildFile; fileRef = BA9BCE47175B32FE00897B22 /* NetworkDeviceViewController.m */; };
		BA9BCE50175B335C00897B22 /* NetworkDeviceViewController.xib in Resources */ = {isa = PBXBuildFile; fileRef = BA9BCE4E175B335C00897B22 /* NetworkDeviceViewController.xib */; };
		BA9BCE51175B335C00897B22 /* NetworkDeviceViewController_Ipad.xib in Resources */ = {isa = PBXBuildFile; fileRef = BA9BCE4F175B335C00897B22 /* NetworkDeviceViewController_Ipad.xib */; };
		BA9BCE56175B33FC00897B22 /* SettingViewController.m in Sources */ = {isa = PBXBuildFile; fileRef = BA9BCE54175B33FC00897B22 /* SettingViewController.m */; };
		BA9BCE5D175B347500897B22 /* SettingViewController.xib in Resources */ = {isa = PBXBuildFile; fileRef = BA9BCE5B175B347500897B22 /* SettingViewController.xib */; };
		BA9BCE5E175B347500897B22 /* SettingViewController_Ipad.xib in Resources */ = {isa = PBXBuildFile; fileRef = BA9BCE5C175B347500897B22 /* SettingViewController_Ipad.xib */; };
		BA9BCE62175B47F300897B22 /* PortViewController.m in Sources */ = {isa = PBXBuildFile; fileRef = BA9BCE60175B47F200897B22 /* PortViewController.m */; };
		BA9BCE68175B486E00897B22 /* PortViewController_Ipad.xib in Resources */ = {isa = PBXBuildFile; fileRef = BA9BCE66175B486E00897B22 /* PortViewController_Ipad.xib */; };
		BA9BCE69175B486E00897B22 /* PortViewController.xib in Resources */ = {isa = PBXBuildFile; fileRef = BA9BCE67175B486E00897B22 /* PortViewController.xib */; };
		BA9C7EEE17565AA500640438 /* UIScreen+UIWindowSize.m in Sources */ = {isa = PBXBuildFile; fileRef = BA9C7EED17565AA500640438 /* UIScreen+UIWindowSize.m */; };
		BA9EFB27175704B4009B36A9 /* FMDatabase.m in Sources */ = {isa = PBXBuildFile; fileRef = BA9EFB22175704B4009B36A9 /* FMDatabase.m */; };
		BA9EFB28175704B4009B36A9 /* FMDatabaseAdditions.m in Sources */ = {isa = PBXBuildFile; fileRef = BA9EFB24175704B4009B36A9 /* FMDatabaseAdditions.m */; };
		BA9EFB29175704B4009B36A9 /* FMResultSet.m in Sources */ = {isa = PBXBuildFile; fileRef = BA9EFB26175704B4009B36A9 /* FMResultSet.m */; };
		BA9EFB2D175707A8009B36A9 /* ForgetPwdViewController.m in Sources */ = {isa = PBXBuildFile; fileRef = BA9EFB2B175707A8009B36A9 /* ForgetPwdViewController.m */; };
		BA9EFB32175708E0009B36A9 /* libsqlite3.0.dylib in Frameworks */ = {isa = PBXBuildFile; fileRef = BA9EFB31175708E0009B36A9 /* libsqlite3.0.dylib */; };
		BA9EFB3C17572853009B36A9 /* MainNavViewController.m in Sources */ = {isa = PBXBuildFile; fileRef = BA9EFB3A17572853009B36A9 /* MainNavViewController.m */; };
		BA9EFB4E175728ED009B36A9 /* ForgetPwdViewController.xib in Resources */ = {isa = PBXBuildFile; fileRef = BA9EFB43175728ED009B36A9 /* ForgetPwdViewController.xib */; };
		BA9EFB4F175728ED009B36A9 /* ForgetPwdViewController_Ipad.xib in Resources */ = {isa = PBXBuildFile; fileRef = BA9EFB44175728ED009B36A9 /* ForgetPwdViewController_Ipad.xib */; };
		BA9EFB50175728ED009B36A9 /* LoginViewController.xib in Resources */ = {isa = PBXBuildFile; fileRef = BA9EFB46175728ED009B36A9 /* LoginViewController.xib */; };
		BA9EFB51175728ED009B36A9 /* LoginViewController_Ipad.xib in Resources */ = {isa = PBXBuildFile; fileRef = BA9EFB47175728ED009B36A9 /* LoginViewController_Ipad.xib */; };
		BA9EFB52175728ED009B36A9 /* RegistViewController.xib in Resources */ = {isa = PBXBuildFile; fileRef = BA9EFB49175728ED009B36A9 /* RegistViewController.xib */; };
		BA9EFB53175728ED009B36A9 /* RegistViewController_Ipad.xib in Resources */ = {isa = PBXBuildFile; fileRef = BA9EFB4A175728ED009B36A9 /* RegistViewController_Ipad.xib */; };
		BA9EFB54175728ED009B36A9 /* MainNavViewController.xib in Resources */ = {isa = PBXBuildFile; fileRef = BA9EFB4C175728ED009B36A9 /* MainNavViewController.xib */; };
		BA9EFB55175728ED009B36A9 /* MainNavViewController_Ipad.xib in Resources */ = {isa = PBXBuildFile; fileRef = BA9EFB4D175728ED009B36A9 /* MainNavViewController_Ipad.xib */; };
		BAA42B5D175601BC001CA8A8 /* UIViewController+UIViewControllerNib.m in Sources */ = {isa = PBXBuildFile; fileRef = BAA42B5C175601BC001CA8A8 /* UIViewController+UIViewControllerNib.m */; };
		BAA42B6117560260001CA8A8 /* UIView+UIAdaptation.m in Sources */ = {isa = PBXBuildFile; fileRef = BAA42B6017560260001CA8A8 /* UIView+UIAdaptation.m */; };
		BAA42B6917560794001CA8A8 /* LoginViewController.m in Sources */ = {isa = PBXBuildFile; fileRef = BAA42B6817560794001CA8A8 /* LoginViewController.m */; };
		BAA42B6D175607AA001CA8A8 /* RegistViewController.m in Sources */ = {isa = PBXBuildFile; fileRef = BAA42B6B175607AA001CA8A8 /* RegistViewController.m */; };
		BADA24AF175450DF0034F8D6 /* AppDelegate.m in Sources */ = {isa = PBXBuildFile; fileRef = BADA24AE175450DF0034F8D6 /* AppDelegate.m */; };
		BAF2DEB71754496C0038C0F9 /* UIKit.framework in Frameworks */ = {isa = PBXBuildFile; fileRef = BAF2DEB61754496C0038C0F9 /* UIKit.framework */; };
		BAF2DEB91754496C0038C0F9 /* Foundation.framework in Frameworks */ = {isa = PBXBuildFile; fileRef = BAF2DEB81754496C0038C0F9 /* Foundation.framework */; };
		BAF2DEBB1754496C0038C0F9 /* CoreGraphics.framework in Frameworks */ = {isa = PBXBuildFile; fileRef = BAF2DEBA1754496C0038C0F9 /* CoreGraphics.framework */; };
		BAF2DEC11754496C0038C0F9 /* InfoPlist.strings in Resources */ = {isa = PBXBuildFile; fileRef = BAF2DEBF1754496C0038C0F9 /* InfoPlist.strings */; };
		BAF2DEC31754496C0038C0F9 /* main.m in Sources */ = {isa = PBXBuildFile; fileRef = BAF2DEC21754496C0038C0F9 /* main.m */; };
		BAF2DEC91754496C0038C0F9 /* Default.png in Resources */ = {isa = PBXBuildFile; fileRef = BAF2DEC81754496C0038C0F9 /* Default.png */; };
		BAF2DECB1754496C0038C0F9 /* Default@2x.png in Resources */ = {isa = PBXBuildFile; fileRef = BAF2DECA1754496C0038C0F9 /* Default@2x.png */; };
		BAF2DECD1754496C0038C0F9 /* Default-568h@2x.png in Resources */ = {isa = PBXBuildFile; fileRef = BAF2DECC1754496C0038C0F9 /* Default-568h@2x.png */; };
/* End PBXBuildFile section */

/* Begin PBXFileReference section */
		BA34E4261757464300B5A138 /* DeviceShop.db */ = {isa = PBXFileReference; lastKnownFileType = file; path = DeviceShop.db; sourceTree = "<group>"; };
		BA34E42917574D9700B5A138 /* UIViewController+ShowInfoDialog.h */ = {isa = PBXFileReference; fileEncoding = 4; lastKnownFileType = sourcecode.c.h; path = "UIViewController+ShowInfoDialog.h"; sourceTree = "<group>"; };
		BA34E42A17574D9700B5A138 /* UIViewController+ShowInfoDialog.m */ = {isa = PBXFileReference; fileEncoding = 4; lastKnownFileType = sourcecode.c.objc; path = "UIViewController+ShowInfoDialog.m"; sourceTree = "<group>"; };
		BA34E42C1757581100B5A138 /* FMDatabaseOperate.h */ = {isa = PBXFileReference; fileEncoding = 4; lastKnownFileType = sourcecode.c.h; path = FMDatabaseOperate.h; sourceTree = "<group>"; };
		BA34E42D1757581100B5A138 /* FMDatabaseOperate.m */ = {isa = PBXFileReference; fileEncoding = 4; lastKnownFileType = sourcecode.c.objc; path = FMDatabaseOperate.m; sourceTree = "<group>"; };
		BA900A3C1758FFAD00FE5814 /* BJGridItem.h */ = {isa = PBXFileReference; fileEncoding = 4; lastKnownFileType = sourcecode.c.h; path = BJGridItem.h; sourceTree = "<group>"; };
		BA900A3D1758FFAD00FE5814 /* BJGridItem.m */ = {isa = PBXFileReference; fileEncoding = 4; lastKnownFileType = sourcecode.c.objc; path = BJGridItem.m; sourceTree = "<group>"; };
		BA900A3F175901AB00FE5814 /* QuartzCore.framework */ = {isa = PBXFileReference; lastKnownFileType = wrapper.framework; name = QuartzCore.framework; path = System/Library/Frameworks/QuartzCore.framework; sourceTree = SDKROOT; };
		BA929F121757A109007742B3 /* CloudService.h */ = {isa = PBXFileReference; fileEncoding = 4; lastKnownFileType = sourcecode.c.h; path = CloudService.h; sourceTree = "<group>"; };
		BA929F131757A109007742B3 /* CloudService.m */ = {isa = PBXFileReference; fileEncoding = 4; lastKnownFileType = sourcecode.c.objc; path = CloudService.m; sourceTree = "<group>"; };
		BA929F161757AC91007742B3 /* JSON.h */ = {isa = PBXFileReference; fileEncoding = 4; lastKnownFileType = sourcecode.c.h; path = JSON.h; sourceTree = "<group>"; };
		BA929F171757AC91007742B3 /* NSObject+SBJSON.h */ = {isa = PBXFileReference; fileEncoding = 4; lastKnownFileType = sourcecode.c.h; path = "NSObject+SBJSON.h"; sourceTree = "<group>"; };
		BA929F181757AC91007742B3 /* NSObject+SBJSON.m */ = {isa = PBXFileReference; fileEncoding = 4; lastKnownFileType = sourcecode.c.objc; path = "NSObject+SBJSON.m"; sourceTree = "<group>"; };
		BA929F191757AC91007742B3 /* NSString+SBJSON.h */ = {isa = PBXFileReference; fileEncoding = 4; lastKnownFileType = sourcecode.c.h; path = "NSString+SBJSON.h"; sourceTree = "<group>"; };
		BA929F1A1757AC91007742B3 /* NSString+SBJSON.m */ = {isa = PBXFileReference; fileEncoding = 4; lastKnownFileType = sourcecode.c.objc; path = "NSString+SBJSON.m"; sourceTree = "<group>"; };
		BA929F1B1757AC91007742B3 /* SBJSON.h */ = {isa = PBXFileReference; fileEncoding = 4; lastKnownFileType = sourcecode.c.h; path = SBJSON.h; sourceTree = "<group>"; };
		BA929F1C1757AC91007742B3 /* SBJSON.m */ = {isa = PBXFileReference; fileEncoding = 4; lastKnownFileType = sourcecode.c.objc; path = SBJSON.m; sourceTree = "<group>"; };
		BA929F1D1757AC91007742B3 /* SBJsonBase.h */ = {isa = PBXFileReference; fileEncoding = 4; lastKnownFileType = sourcecode.c.h; path = SBJsonBase.h; sourceTree = "<group>"; };
		BA929F1E1757AC91007742B3 /* SBJsonBase.m */ = {isa = PBXFileReference; fileEncoding = 4; lastKnownFileType = sourcecode.c.objc; path = SBJsonBase.m; sourceTree = "<group>"; };
		BA929F1F1757AC91007742B3 /* SBJsonParser.h */ = {isa = PBXFileReference; fileEncoding = 4; lastKnownFileType = sourcecode.c.h; path = SBJsonParser.h; sourceTree = "<group>"; };
		BA929F201757AC91007742B3 /* SBJsonParser.m */ = {isa = PBXFileReference; fileEncoding = 4; lastKnownFileType = sourcecode.c.objc; path = SBJsonParser.m; sourceTree = "<group>"; };
		BA929F211757AC91007742B3 /* SBJsonWriter.h */ = {isa = PBXFileReference; fileEncoding = 4; lastKnownFileType = sourcecode.c.h; path = SBJsonWriter.h; sourceTree = "<group>"; };
		BA929F221757AC91007742B3 /* SBJsonWriter.m */ = {isa = PBXFileReference; fileEncoding = 4; lastKnownFileType = sourcecode.c.objc; path = SBJsonWriter.m; sourceTree = "<group>"; };
		BA929F2A1757ADEB007742B3 /* NSString+OAURLEncodingAdditions.h */ = {isa = PBXFileReference; fileEncoding = 4; lastKnownFileType = sourcecode.c.h; path = "NSString+OAURLEncodingAdditions.h"; sourceTree = "<group>"; };
		BA929F2B1757ADEB007742B3 /* NSString+OAURLEncodingAdditions.m */ = {isa = PBXFileReference; fileEncoding = 4; lastKnownFileType = sourcecode.c.objc; path = "NSString+OAURLEncodingAdditions.m"; sourceTree = "<group>"; };
		BA95115B175B851000323AEC /* HelpViewController.h */ = {isa = PBXFileReference; fileEncoding = 4; lastKnownFileType = sourcecode.c.h; path = HelpViewController.h; sourceTree = "<group>"; };
		BA95115C175B851000323AEC /* HelpViewController.m */ = {isa = PBXFileReference; fileEncoding = 4; lastKnownFileType = sourcecode.c.objc; path = HelpViewController.m; sourceTree = "<group>"; };
		BA951163175B85B300323AEC /* HelpViewController.xib */ = {isa = PBXFileReference; fileEncoding = 4; lastKnownFileType = file.xib; path = HelpViewController.xib; sourceTree = "<group>"; };
		BA951164175B85B300323AEC /* HelpViewController_Ipad.xib */ = {isa = PBXFileReference; fileEncoding = 4; lastKnownFileType = file.xib; path = HelpViewController_Ipad.xib; sourceTree = "<group>"; };
		BA951167175B88D000323AEC /* ChangBackgroupViewController.h */ = {isa = PBXFileReference; fileEncoding = 4; lastKnownFileType = sourcecode.c.h; path = ChangBackgroupViewController.h; sourceTree = "<group>"; };
		BA951168175B88D000323AEC /* ChangBackgroupViewController.m */ = {isa = PBXFileReference; fileEncoding = 4; lastKnownFileType = sourcecode.c.objc; path = ChangBackgroupViewController.m; sourceTree = "<group>"; };
		BA951171175B90FB00323AEC /* ChangBackgroupViewController.xib */ = {isa = PBXFileReference; fileEncoding = 4; lastKnownFileType = file.xib; path = ChangBackgroupViewController.xib; sourceTree = "<group>"; };
		BA951172175B90FB00323AEC /* ChangBackgroupViewController_Ipad.xib */ = {isa = PBXFileReference; fileEncoding = 4; lastKnownFileType = file.xib; path = ChangBackgroupViewController_Ipad.xib; sourceTree = "<group>"; };
		BA951175175B91E800323AEC /* RecoverViewController.h */ = {isa = PBXFileReference; fileEncoding = 4; lastKnownFileType = sourcecode.c.h; path = RecoverViewController.h; sourceTree = "<group>"; };
		BA951176175B91E800323AEC /* RecoverViewController.m */ = {isa = PBXFileReference; fileEncoding = 4; lastKnownFileType = sourcecode.c.objc; path = RecoverViewController.m; sourceTree = "<group>"; };
		BA95117D175B923300323AEC /* ChangBackgroupViewController.xib */ = {isa = PBXFileReference; fileEncoding = 4; lastKnownFileType = file.xib; path = ChangBackgroupViewController.xib; sourceTree = "<group>"; };
		BA95117E175B923300323AEC /* ChangBackgroupViewController_Ipad.xib */ = {isa = PBXFileReference; fileEncoding = 4; lastKnownFileType = file.xib; path = ChangBackgroupViewController_Ipad.xib; sourceTree = "<group>"; };
		BA951180175B923300323AEC /* HelpViewController.xib */ = {isa = PBXFileReference; fileEncoding = 4; lastKnownFileType = file.xib; path = HelpViewController.xib; sourceTree = "<group>"; };
		BA951181175B923300323AEC /* HelpViewController_Ipad.xib */ = {isa = PBXFileReference; fileEncoding = 4; lastKnownFileType = file.xib; path = HelpViewController_Ipad.xib; sourceTree = "<group>"; };
		BA951187175B926000323AEC /* RecoverViewController.xib */ = {isa = PBXFileReference; fileEncoding = 4; lastKnownFileType = file.xib; path = RecoverViewController.xib; sourceTree = "<group>"; };
		BA951188175B926000323AEC /* RecoverViewController_Ipad.xib */ = {isa = PBXFileReference; fileEncoding = 4; lastKnownFileType = file.xib; path = RecoverViewController_Ipad.xib; sourceTree = "<group>"; };
		BA95118B175B927000323AEC /* BackUpViewController.h */ = {isa = PBXFileReference; fileEncoding = 4; lastKnownFileType = sourcecode.c.h; path = BackUpViewController.h; sourceTree = "<group>"; };
		BA95118C175B927100323AEC /* BackUpViewController.m */ = {isa = PBXFileReference; fileEncoding = 4; lastKnownFileType = sourcecode.c.objc; path = BackUpViewController.m; sourceTree = "<group>"; };
		BA951193175B92D900323AEC /* BackUpViewController.xib */ = {isa = PBXFileReference; fileEncoding = 4; lastKnownFileType = file.xib; path = BackUpViewController.xib; sourceTree = "<group>"; };
		BA951194175B92D900323AEC /* BackUpViewController_Ipad.xib */ = {isa = PBXFileReference; fileEncoding = 4; lastKnownFileType = file.xib; path = BackUpViewController_Ipad.xib; sourceTree = "<group>"; };
		BA951197175B92F900323AEC /* ShareManagerViewController.h */ = {isa = PBXFileReference; fileEncoding = 4; lastKnownFileType = sourcecode.c.h; path = ShareManagerViewController.h; sourceTree = "<group>"; };
		BA951198175B92F900323AEC /* ShareManagerViewController.m */ = {isa = PBXFileReference; fileEncoding = 4; lastKnownFileType = sourcecode.c.objc; path = ShareManagerViewController.m; sourceTree = "<group>"; };
		BA95119F175B95BB00323AEC /* ShareManagerViewController.xib */ = {isa = PBXFileReference; fileEncoding = 4; lastKnownFileType = file.xib; path = ShareManagerViewController.xib; sourceTree = "<group>"; };
		BA9511A0175B95BB00323AEC /* ShareManagerViewController_Ipad.xib */ = {isa = PBXFileReference; fileEncoding = 4; lastKnownFileType = file.xib; path = ShareManagerViewController_Ipad.xib; sourceTree = "<group>"; };
		BA954367175F778D003C3897 /* PwdInputPadView.h */ = {isa = PBXFileReference; fileEncoding = 4; lastKnownFileType = sourcecode.c.h; path = PwdInputPadView.h; sourceTree = "<group>"; };
		BA954368175F778D003C3897 /* PwdInputPadView.m */ = {isa = PBXFileReference; fileEncoding = 4; lastKnownFileType = sourcecode.c.objc; path = PwdInputPadView.m; sourceTree = "<group>"; };
		BA95436C175F88D1003C3897 /* controlPwd.psd.txt */ = {isa = PBXFileReference; fileEncoding = 4; lastKnownFileType = text; path = controlPwd.psd.txt; sourceTree = "<group>"; };
		BA95436D175F88D1003C3897 /* ip_bg.png */ = {isa = PBXFileReference; lastKnownFileType = image.png; path = ip_bg.png; sourceTree = "<group>"; };
		BA95436E175F88D1003C3897 /* ip_bg@2x.png */ = {isa = PBXFileReference; lastKnownFileType = image.png; path = "ip_bg@2x.png"; sourceTree = "<group>"; };
		BA95436F175F88D1003C3897 /* ip_cancel.png */ = {isa = PBXFileReference; lastKnownFileType = image.png; path = ip_cancel.png; sourceTree = "<group>"; };
		BA954370175F88D1003C3897 /* ip_cancel_hl@2x.png */ = {isa = PBXFileReference; lastKnownFileType = image.png; path = "ip_cancel_hl@2x.png"; sourceTree = "<group>"; };
		BA954371175F88D1003C3897 /* ip_del.png */ = {isa = PBXFileReference; lastKnownFileType = image.png; path = ip_del.png; sourceTree = "<group>"; };
		BA954372175F88D1003C3897 /* ip_del@2x.png */ = {isa = PBXFileReference; lastKnownFileType = image.png; path = "ip_del@2x.png"; sourceTree = "<group>"; };
		BA954373175F88D1003C3897 /* ip_del_hl.png */ = {isa = PBXFileReference; lastKnownFileType = image.png; path = ip_del_hl.png; sourceTree = "<group>"; };
		BA954374175F88D1003C3897 /* ip_del_hl@2x.png */ = {isa = PBXFileReference; lastKnownFileType = image.png; path = "ip_del_hl@2x.png"; sourceTree = "<group>"; };
		BA954375175F88D1003C3897 /* ip_num0.png */ = {isa = PBXFileReference; lastKnownFileType = image.png; path = ip_num0.png; sourceTree = "<group>"; };
		BA954376175F88D1003C3897 /* ip_num0@2x.png */ = {isa = PBXFileReference; lastKnownFileType = image.png; path = "ip_num0@2x.png"; sourceTree = "<group>"; };
		BA954377175F88D1003C3897 /* ip_num0_hl.png */ = {isa = PBXFileReference; lastKnownFileType = image.png; path = ip_num0_hl.png; sourceTree = "<group>"; };
		BA954378175F88D1003C3897 /* ip_num0_hl@2x.png */ = {isa = PBXFileReference; lastKnownFileType = image.png; path = "ip_num0_hl@2x.png"; sourceTree = "<group>"; };
		BA954379175F88D1003C3897 /* ip_num1.png */ = {isa = PBXFileReference; lastKnownFileType = image.png; path = ip_num1.png; sourceTree = "<group>"; };
		BA95437A175F88D1003C3897 /* ip_num1@2x.png */ = {isa = PBXFileReference; lastKnownFileType = image.png; path = "ip_num1@2x.png"; sourceTree = "<group>"; };
		BA95437B175F88D1003C3897 /* ip_num1_hl.png */ = {isa = PBXFileReference; lastKnownFileType = image.png; path = ip_num1_hl.png; sourceTree = "<group>"; };
		BA95437C175F88D1003C3897 /* ip_num1_hl@2x.png */ = {isa = PBXFileReference; lastKnownFileType = image.png; path = "ip_num1_hl@2x.png"; sourceTree = "<group>"; };
		BA95437D175F88D1003C3897 /* ip_num2.png */ = {isa = PBXFileReference; lastKnownFileType = image.png; path = ip_num2.png; sourceTree = "<group>"; };
		BA95437E175F88D1003C3897 /* ip_num2@2x.png */ = {isa = PBXFileReference; lastKnownFileType = image.png; path = "ip_num2@2x.png"; sourceTree = "<group>"; };
		BA95437F175F88D1003C3897 /* ip_num2_hl.png */ = {isa = PBXFileReference; lastKnownFileType = image.png; path = ip_num2_hl.png; sourceTree = "<group>"; };
		BA954380175F88D1003C3897 /* ip_num2_hl@2x.png */ = {isa = PBXFileReference; lastKnownFileType = image.png; path = "ip_num2_hl@2x.png"; sourceTree = "<group>"; };
		BA954381175F88D1003C3897 /* ip_num3.png */ = {isa = PBXFileReference; lastKnownFileType = image.png; path = ip_num3.png; sourceTree = "<group>"; };
		BA954382175F88D1003C3897 /* ip_num3@2x.png */ = {isa = PBXFileReference; lastKnownFileType = image.png; path = "ip_num3@2x.png"; sourceTree = "<group>"; };
		BA954383175F88D1003C3897 /* ip_num3_hl.png */ = {isa = PBXFileReference; lastKnownFileType = image.png; path = ip_num3_hl.png; sourceTree = "<group>"; };
		BA954384175F88D1003C3897 /* ip_num3_hl@2x.png */ = {isa = PBXFileReference; lastKnownFileType = image.png; path = "ip_num3_hl@2x.png"; sourceTree = "<group>"; };
		BA954385175F88D1003C3897 /* ip_num4.png */ = {isa = PBXFileReference; lastKnownFileType = image.png; path = ip_num4.png; sourceTree = "<group>"; };
		BA954386175F88D1003C3897 /* ip_num4@2x.png */ = {isa = PBXFileReference; lastKnownFileType = image.png; path = "ip_num4@2x.png"; sourceTree = "<group>"; };
		BA954387175F88D1003C3897 /* ip_num4_hl.png */ = {isa = PBXFileReference; lastKnownFileType = image.png; path = ip_num4_hl.png; sourceTree = "<group>"; };
		BA954388175F88D1003C3897 /* ip_num4_hl@2x.png */ = {isa = PBXFileReference; lastKnownFileType = image.png; path = "ip_num4_hl@2x.png"; sourceTree = "<group>"; };
		BA954389175F88D1003C3897 /* ip_num5.png */ = {isa = PBXFileReference; lastKnownFileType = image.png; path = ip_num5.png; sourceTree = "<group>"; };
		BA95438A175F88D1003C3897 /* ip_num5@2x.png */ = {isa = PBXFileReference; lastKnownFileType = image.png; path = "ip_num5@2x.png"; sourceTree = "<group>"; };
		BA95438B175F88D1003C3897 /* ip_num5_hl.png */ = {isa = PBXFileReference; lastKnownFileType = image.png; path = ip_num5_hl.png; sourceTree = "<group>"; };
		BA95438C175F88D1003C3897 /* ip_num5_hl@2x.png */ = {isa = PBXFileReference; lastKnownFileType = image.png; path = "ip_num5_hl@2x.png"; sourceTree = "<group>"; };
		BA95438D175F88D1003C3897 /* ip_num6.png */ = {isa = PBXFileReference; lastKnownFileType = image.png; path = ip_num6.png; sourceTree = "<group>"; };
		BA95438E175F88D1003C3897 /* ip_num6@2x.png */ = {isa = PBXFileReference; lastKnownFileType = image.png; path = "ip_num6@2x.png"; sourceTree = "<group>"; };
		BA95438F175F88D1003C3897 /* ip_num6_hl.png */ = {isa = PBXFileReference; lastKnownFileType = image.png; path = ip_num6_hl.png; sourceTree = "<group>"; };
		BA954390175F88D1003C3897 /* ip_num6_hl@2x.png */ = {isa = PBXFileReference; lastKnownFileType = image.png; path = "ip_num6_hl@2x.png"; sourceTree = "<group>"; };
		BA954391175F88D1003C3897 /* ip_num7.png */ = {isa = PBXFileReference; lastKnownFileType = image.png; path = ip_num7.png; sourceTree = "<group>"; };
		BA954392175F88D1003C3897 /* ip_num7@2x.png */ = {isa = PBXFileReference; lastKnownFileType = image.png; path = "ip_num7@2x.png"; sourceTree = "<group>"; };
		BA954393175F88D1003C3897 /* ip_num7_hl.png */ = {isa = PBXFileReference; lastKnownFileType = image.png; path = ip_num7_hl.png; sourceTree = "<group>"; };
		BA954394175F88D1003C3897 /* ip_num7_hl@2x.png */ = {isa = PBXFileReference; lastKnownFileType = image.png; path = "ip_num7_hl@2x.png"; sourceTree = "<group>"; };
		BA954395175F88D1003C3897 /* ip_num8.png */ = {isa = PBXFileReference; lastKnownFileType = image.png; path = ip_num8.png; sourceTree = "<group>"; };
		BA954396175F88D1003C3897 /* ip_num8@2x.png */ = {isa = PBXFileReference; lastKnownFileType = image.png; path = "ip_num8@2x.png"; sourceTree = "<group>"; };
		BA954397175F88D1003C3897 /* ip_num8_hl.png */ = {isa = PBXFileReference; lastKnownFileType = image.png; path = ip_num8_hl.png; sourceTree = "<group>"; };
		BA954398175F88D1003C3897 /* ip_num8_hl@2x.png */ = {isa = PBXFileReference; lastKnownFileType = image.png; path = "ip_num8_hl@2x.png"; sourceTree = "<group>"; };
		BA954399175F88D1003C3897 /* ip_num9.png */ = {isa = PBXFileReference; lastKnownFileType = image.png; path = ip_num9.png; sourceTree = "<group>"; };
		BA95439A175F88D1003C3897 /* ip_num9@2x.png */ = {isa = PBXFileReference; lastKnownFileType = image.png; path = "ip_num9@2x.png"; sourceTree = "<group>"; };
		BA95439B175F88D1003C3897 /* ip_num9_hl.png */ = {isa = PBXFileReference; lastKnownFileType = image.png; path = ip_num9_hl.png; sourceTree = "<group>"; };
		BA95439C175F88D1003C3897 /* ip_num9_hl@2x.png */ = {isa = PBXFileReference; lastKnownFileType = image.png; path = "ip_num9_hl@2x.png"; sourceTree = "<group>"; };
		BA95439D175F88D1003C3897 /* ip_num_bg.png */ = {isa = PBXFileReference; lastKnownFileType = image.png; path = ip_num_bg.png; sourceTree = "<group>"; };
		BA95439E175F88D1003C3897 /* ip_num_bg@2x.png */ = {isa = PBXFileReference; lastKnownFileType = image.png; path = "ip_num_bg@2x.png"; sourceTree = "<group>"; };
		BA95439F175F88D1003C3897 /* ip_space.png */ = {isa = PBXFileReference; lastKnownFileType = image.png; path = ip_space.png; sourceTree = "<group>"; };
		BA9543A0175F88D1003C3897 /* ip_space@2x.png */ = {isa = PBXFileReference; lastKnownFileType = image.png; path = "ip_space@2x.png"; sourceTree = "<group>"; };
		BA9543A1175F88D1003C3897 /* ip_txt_bg.png */ = {isa = PBXFileReference; lastKnownFileType = image.png; path = ip_txt_bg.png; sourceTree = "<group>"; };
		BA9543A2175F88D1003C3897 /* ip_txt_bg@2x.png */ = {isa = PBXFileReference; lastKnownFileType = image.png; path = "ip_txt_bg@2x.png"; sourceTree = "<group>"; };
		BA9543A3175F88D1003C3897 /* ip_txt_fld1.png */ = {isa = PBXFileReference; lastKnownFileType = image.png; path = ip_txt_fld1.png; sourceTree = "<group>"; };
		BA9543A4175F88D1003C3897 /* ip_txt_fld1@2x.png */ = {isa = PBXFileReference; lastKnownFileType = image.png; path = "ip_txt_fld1@2x.png"; sourceTree = "<group>"; };
		BA9543A5175F88D1003C3897 /* ip_txt_fld2.png */ = {isa = PBXFileReference; lastKnownFileType = image.png; path = ip_txt_fld2.png; sourceTree = "<group>"; };
		BA9543A6175F88D1003C3897 /* ip_txt_fld2@2x.png */ = {isa = PBXFileReference; lastKnownFileType = image.png; path = "ip_txt_fld2@2x.png"; sourceTree = "<group>"; };
		BA9543A7175F88D1003C3897 /* ip_txt_fld3.png */ = {isa = PBXFileReference; lastKnownFileType = image.png; path = ip_txt_fld3.png; sourceTree = "<group>"; };
		BA9543A8175F88D1003C3897 /* ip_txt_fld3@2x.png */ = {isa = PBXFileReference; lastKnownFileType = image.png; path = "ip_txt_fld3@2x.png"; sourceTree = "<group>"; };
		BA9543A9175F88D1003C3897 /* ip_txt_fld4.png */ = {isa = PBXFileReference; lastKnownFileType = image.png; path = ip_txt_fld4.png; sourceTree = "<group>"; };
		BA9543AA175F88D1003C3897 /* ip_txt_fld4@2x.png */ = {isa = PBXFileReference; lastKnownFileType = image.png; path = "ip_txt_fld4@2x.png"; sourceTree = "<group>"; };
		BA9BCE28175AFD7B00897B22 /* MenuBar.h */ = {isa = PBXFileReference; fileEncoding = 4; lastKnownFileType = sourcecode.c.h; path = MenuBar.h; sourceTree = "<group>"; };
		BA9BCE29175AFD7B00897B22 /* MenuBar.m */ = {isa = PBXFileReference; fileEncoding = 4; lastKnownFileType = sourcecode.c.objc; path = MenuBar.m; sourceTree = "<group>"; };
		BA9BCE2C175B2FF600897B22 /* DeviceLibraryViewController.h */ = {isa = PBXFileReference; fileEncoding = 4; lastKnownFileType = sourcecode.c.h; path = DeviceLibraryViewController.h; sourceTree = "<group>"; };
		BA9BCE2D175B2FF600897B22 /* DeviceLibraryViewController.m */ = {isa = PBXFileReference; fileEncoding = 4; lastKnownFileType = sourcecode.c.objc; path = DeviceLibraryViewController.m; sourceTree = "<group>"; };
		BA9BCE34175B310900897B22 /* DeviceLibraryViewController.xib */ = {isa = PBXFileReference; fileEncoding = 4; lastKnownFileType = file.xib; path = DeviceLibraryViewController.xib; sourceTree = "<group>"; };
		BA9BCE35175B310900897B22 /* DeviceLibraryViewController_Ipad.xib */ = {isa = PBXFileReference; fileEncoding = 4; lastKnownFileType = file.xib; path = DeviceLibraryViewController_Ipad.xib; sourceTree = "<group>"; };
		BA9BCE39175B318500897B22 /* EditViewController.h */ = {isa = PBXFileReference; fileEncoding = 4; lastKnownFileType = sourcecode.c.h; path = EditViewController.h; sourceTree = "<group>"; };
		BA9BCE3A175B318500897B22 /* EditViewController.m */ = {isa = PBXFileReference; fileEncoding = 4; lastKnownFileType = sourcecode.c.objc; path = EditViewController.m; sourceTree = "<group>"; };
		BA9BCE41175B328B00897B22 /* EditViewController.xib */ = {isa = PBXFileReference; fileEncoding = 4; lastKnownFileType = file.xib; path = EditViewController.xib; sourceTree = "<group>"; };
		BA9BCE42175B328B00897B22 /* EditViewController_Ipad.xib */ = {isa = PBXFileReference; fileEncoding = 4; lastKnownFileType = file.xib; path = EditViewController_Ipad.xib; sourceTree = "<group>"; };
		BA9BCE46175B32FE00897B22 /* NetworkDeviceViewController.h */ = {isa = PBXFileReference; fileEncoding = 4; lastKnownFileType = sourcecode.c.h; path = NetworkDeviceViewController.h; sourceTree = "<group>"; };
		BA9BCE47175B32FE00897B22 /* NetworkDeviceViewController.m */ = {isa = PBXFileReference; fileEncoding = 4; lastKnownFileType = sourcecode.c.objc; path = NetworkDeviceViewController.m; sourceTree = "<group>"; };
		BA9BCE4E175B335C00897B22 /* NetworkDeviceViewController.xib */ = {isa = PBXFileReference; fileEncoding = 4; lastKnownFileType = file.xib; path = NetworkDeviceViewController.xib; sourceTree = "<group>"; };
		BA9BCE4F175B335C00897B22 /* NetworkDeviceViewController_Ipad.xib */ = {isa = PBXFileReference; fileEncoding = 4; lastKnownFileType = file.xib; path = NetworkDeviceViewController_Ipad.xib; sourceTree = "<group>"; };
		BA9BCE53175B33FC00897B22 /* SettingViewController.h */ = {isa = PBXFileReference; fileEncoding = 4; lastKnownFileType = sourcecode.c.h; path = SettingViewController.h; sourceTree = "<group>"; };
		BA9BCE54175B33FC00897B22 /* SettingViewController.m */ = {isa = PBXFileReference; fileEncoding = 4; lastKnownFileType = sourcecode.c.objc; path = SettingViewController.m; sourceTree = "<group>"; };
		BA9BCE5B175B347500897B22 /* SettingViewController.xib */ = {isa = PBXFileReference; fileEncoding = 4; lastKnownFileType = file.xib; path = SettingViewController.xib; sourceTree = "<group>"; };
		BA9BCE5C175B347500897B22 /* SettingViewController_Ipad.xib */ = {isa = PBXFileReference; fileEncoding = 4; lastKnownFileType = file.xib; path = SettingViewController_Ipad.xib; sourceTree = "<group>"; };
		BA9BCE5F175B47F200897B22 /* PortViewController.h */ = {isa = PBXFileReference; fileEncoding = 4; lastKnownFileType = sourcecode.c.h; path = PortViewController.h; sourceTree = "<group>"; };
		BA9BCE60175B47F200897B22 /* PortViewController.m */ = {isa = PBXFileReference; fileEncoding = 4; lastKnownFileType = sourcecode.c.objc; path = PortViewController.m; sourceTree = "<group>"; };
		BA9BCE66175B486E00897B22 /* PortViewController_Ipad.xib */ = {isa = PBXFileReference; fileEncoding = 4; lastKnownFileType = file.xib; path = PortViewController_Ipad.xib; sourceTree = "<group>"; };
		BA9BCE67175B486E00897B22 /* PortViewController.xib */ = {isa = PBXFileReference; fileEncoding = 4; lastKnownFileType = file.xib; path = PortViewController.xib; sourceTree = "<group>"; };
		BA9C7EEC17565AA500640438 /* UIScreen+UIWindowSize.h */ = {isa = PBXFileReference; fileEncoding = 4; lastKnownFileType = sourcecode.c.h; path = "UIScreen+UIWindowSize.h"; sourceTree = "<group>"; };
		BA9C7EED17565AA500640438 /* UIScreen+UIWindowSize.m */ = {isa = PBXFileReference; fileEncoding = 4; lastKnownFileType = sourcecode.c.objc; path = "UIScreen+UIWindowSize.m"; sourceTree = "<group>"; };
		BA9EFB21175704B4009B36A9 /* FMDatabase.h */ = {isa = PBXFileReference; fileEncoding = 4; lastKnownFileType = sourcecode.c.h; path = FMDatabase.h; sourceTree = "<group>"; };
		BA9EFB22175704B4009B36A9 /* FMDatabase.m */ = {isa = PBXFileReference; fileEncoding = 4; lastKnownFileType = sourcecode.c.objc; path = FMDatabase.m; sourceTree = "<group>"; };
		BA9EFB23175704B4009B36A9 /* FMDatabaseAdditions.h */ = {isa = PBXFileReference; fileEncoding = 4; lastKnownFileType = sourcecode.c.h; path = FMDatabaseAdditions.h; sourceTree = "<group>"; };
		BA9EFB24175704B4009B36A9 /* FMDatabaseAdditions.m */ = {isa = PBXFileReference; fileEncoding = 4; lastKnownFileType = sourcecode.c.objc; path = FMDatabaseAdditions.m; sourceTree = "<group>"; };
		BA9EFB25175704B4009B36A9 /* FMResultSet.h */ = {isa = PBXFileReference; fileEncoding = 4; lastKnownFileType = sourcecode.c.h; path = FMResultSet.h; sourceTree = "<group>"; };
		BA9EFB26175704B4009B36A9 /* FMResultSet.m */ = {isa = PBXFileReference; fileEncoding = 4; lastKnownFileType = sourcecode.c.objc; path = FMResultSet.m; sourceTree = "<group>"; };
		BA9EFB2A175707A7009B36A9 /* ForgetPwdViewController.h */ = {isa = PBXFileReference; fileEncoding = 4; lastKnownFileType = sourcecode.c.h; path = ForgetPwdViewController.h; sourceTree = "<group>"; };
		BA9EFB2B175707A8009B36A9 /* ForgetPwdViewController.m */ = {isa = PBXFileReference; fileEncoding = 4; lastKnownFileType = sourcecode.c.objc; path = ForgetPwdViewController.m; sourceTree = "<group>"; };
		BA9EFB31175708E0009B36A9 /* libsqlite3.0.dylib */ = {isa = PBXFileReference; lastKnownFileType = "compiled.mach-o.dylib"; name = libsqlite3.0.dylib; path = usr/lib/libsqlite3.0.dylib; sourceTree = SDKROOT; };
		BA9EFB3917572853009B36A9 /* MainNavViewController.h */ = {isa = PBXFileReference; fileEncoding = 4; lastKnownFileType = sourcecode.c.h; path = MainNavViewController.h; sourceTree = "<group>"; };
		BA9EFB3A17572853009B36A9 /* MainNavViewController.m */ = {isa = PBXFileReference; fileEncoding = 4; lastKnownFileType = sourcecode.c.objc; path = MainNavViewController.m; sourceTree = "<group>"; };
		BA9EFB43175728ED009B36A9 /* ForgetPwdViewController.xib */ = {isa = PBXFileReference; fileEncoding = 4; lastKnownFileType = file.xib; path = ForgetPwdViewController.xib; sourceTree = "<group>"; };
		BA9EFB44175728ED009B36A9 /* ForgetPwdViewController_Ipad.xib */ = {isa = PBXFileReference; fileEncoding = 4; lastKnownFileType = file.xib; path = ForgetPwdViewController_Ipad.xib; sourceTree = "<group>"; };
		BA9EFB46175728ED009B36A9 /* LoginViewController.xib */ = {isa = PBXFileReference; fileEncoding = 4; lastKnownFileType = file.xib; path = LoginViewController.xib; sourceTree = "<group>"; };
		BA9EFB47175728ED009B36A9 /* LoginViewController_Ipad.xib */ = {isa = PBXFileReference; fileEncoding = 4; lastKnownFileType = file.xib; path = LoginViewController_Ipad.xib; sourceTree = "<group>"; };
		BA9EFB49175728ED009B36A9 /* RegistViewController.xib */ = {isa = PBXFileReference; fileEncoding = 4; lastKnownFileType = file.xib; path = RegistViewController.xib; sourceTree = "<group>"; };
		BA9EFB4A175728ED009B36A9 /* RegistViewController_Ipad.xib */ = {isa = PBXFileReference; fileEncoding = 4; lastKnownFileType = file.xib; path = RegistViewController_Ipad.xib; sourceTree = "<group>"; };
		BA9EFB4C175728ED009B36A9 /* MainNavViewController.xib */ = {isa = PBXFileReference; fileEncoding = 4; lastKnownFileType = file.xib; path = MainNavViewController.xib; sourceTree = "<group>"; };
		BA9EFB4D175728ED009B36A9 /* MainNavViewController_Ipad.xib */ = {isa = PBXFileReference; fileEncoding = 4; lastKnownFileType = file.xib; path = MainNavViewController_Ipad.xib; sourceTree = "<group>"; };
		BAA42B5B175601BC001CA8A8 /* UIViewController+UIViewControllerNib.h */ = {isa = PBXFileReference; fileEncoding = 4; lastKnownFileType = sourcecode.c.h; path = "UIViewController+UIViewControllerNib.h"; sourceTree = "<group>"; };
		BAA42B5C175601BC001CA8A8 /* UIViewController+UIViewControllerNib.m */ = {isa = PBXFileReference; fileEncoding = 4; lastKnownFileType = sourcecode.c.objc; path = "UIViewController+UIViewControllerNib.m"; sourceTree = "<group>"; };
		BAA42B5F17560260001CA8A8 /* UIView+UIAdaptation.h */ = {isa = PBXFileReference; fileEncoding = 4; lastKnownFileType = sourcecode.c.h; path = "UIView+UIAdaptation.h"; sourceTree = "<group>"; };
		BAA42B6017560260001CA8A8 /* UIView+UIAdaptation.m */ = {isa = PBXFileReference; fileEncoding = 4; lastKnownFileType = sourcecode.c.objc; path = "UIView+UIAdaptation.m"; sourceTree = "<group>"; };
		BAA42B6717560794001CA8A8 /* LoginViewController.h */ = {isa = PBXFileReference; fileEncoding = 4; lastKnownFileType = sourcecode.c.h; path = LoginViewController.h; sourceTree = "<group>"; };
		BAA42B6817560794001CA8A8 /* LoginViewController.m */ = {isa = PBXFileReference; fileEncoding = 4; lastKnownFileType = sourcecode.c.objc; path = LoginViewController.m; sourceTree = "<group>"; };
		BAA42B6A175607AA001CA8A8 /* RegistViewController.h */ = {isa = PBXFileReference; fileEncoding = 4; lastKnownFileType = sourcecode.c.h; path = RegistViewController.h; sourceTree = "<group>"; };
		BAA42B6B175607AA001CA8A8 /* RegistViewController.m */ = {isa = PBXFileReference; fileEncoding = 4; lastKnownFileType = sourcecode.c.objc; path = RegistViewController.m; sourceTree = "<group>"; };
		BAD437051755C9FE00063010 /* ViewControlHeader.h */ = {isa = PBXFileReference; fileEncoding = 4; lastKnownFileType = sourcecode.c.h; path = ViewControlHeader.h; sourceTree = "<group>"; };
		BADA24AD175450DF0034F8D6 /* AppDelegate.h */ = {isa = PBXFileReference; fileEncoding = 4; lastKnownFileType = sourcecode.c.h; path = AppDelegate.h; sourceTree = "<group>"; };
		BADA24AE175450DF0034F8D6 /* AppDelegate.m */ = {isa = PBXFileReference; fileEncoding = 4; lastKnownFileType = sourcecode.c.objc; path = AppDelegate.m; sourceTree = "<group>"; };
		BADA24B2175450E80034F8D6 /* CLog.h */ = {isa = PBXFileReference; fileEncoding = 4; lastKnownFileType = sourcecode.c.h; path = CLog.h; sourceTree = "<group>"; };
		BAF2DEB31754496C0038C0F9 /* DeviceShop.app */ = {isa = PBXFileReference; explicitFileType = wrapper.application; includeInIndex = 0; path = DeviceShop.app; sourceTree = BUILT_PRODUCTS_DIR; };
		BAF2DEB61754496C0038C0F9 /* UIKit.framework */ = {isa = PBXFileReference; lastKnownFileType = wrapper.framework; name = UIKit.framework; path = System/Library/Frameworks/UIKit.framework; sourceTree = SDKROOT; };
		BAF2DEB81754496C0038C0F9 /* Foundation.framework */ = {isa = PBXFileReference; lastKnownFileType = wrapper.framework; name = Foundation.framework; path = System/Library/Frameworks/Foundation.framework; sourceTree = SDKROOT; };
		BAF2DEBA1754496C0038C0F9 /* CoreGraphics.framework */ = {isa = PBXFileReference; lastKnownFileType = wrapper.framework; name = CoreGraphics.framework; path = System/Library/Frameworks/CoreGraphics.framework; sourceTree = SDKROOT; };
		BAF2DEBE1754496C0038C0F9 /* DeviceShop-Info.plist */ = {isa = PBXFileReference; lastKnownFileType = text.plist.xml; path = "DeviceShop-Info.plist"; sourceTree = "<group>"; };
		BAF2DEC01754496C0038C0F9 /* en */ = {isa = PBXFileReference; lastKnownFileType = text.plist.strings; name = en; path = en.lproj/InfoPlist.strings; sourceTree = "<group>"; };
		BAF2DEC21754496C0038C0F9 /* main.m */ = {isa = PBXFileReference; lastKnownFileType = sourcecode.c.objc; path = main.m; sourceTree = "<group>"; };
		BAF2DEC41754496C0038C0F9 /* DeviceShop-Prefix.pch */ = {isa = PBXFileReference; lastKnownFileType = sourcecode.c.h; path = "DeviceShop-Prefix.pch"; sourceTree = "<group>"; };
		BAF2DEC81754496C0038C0F9 /* Default.png */ = {isa = PBXFileReference; lastKnownFileType = image.png; path = Default.png; sourceTree = "<group>"; };
		BAF2DECA1754496C0038C0F9 /* Default@2x.png */ = {isa = PBXFileReference; lastKnownFileType = image.png; path = "Default@2x.png"; sourceTree = "<group>"; };
		BAF2DECC1754496C0038C0F9 /* Default-568h@2x.png */ = {isa = PBXFileReference; lastKnownFileType = image.png; path = "Default-568h@2x.png"; sourceTree = "<group>"; };
		BAF2DED41754496D0038C0F9 /* SenTestingKit.framework */ = {isa = PBXFileReference; lastKnownFileType = wrapper.framework; name = SenTestingKit.framework; path = Library/Frameworks/SenTestingKit.framework; sourceTree = DEVELOPER_DIR; };
/* End PBXFileReference section */

/* Begin PBXFrameworksBuildPhase section */
		BAF2DEB01754496C0038C0F9 /* Frameworks */ = {
			isa = PBXFrameworksBuildPhase;
			buildActionMask = 2147483647;
			files = (
				BA900A40175901AB00FE5814 /* QuartzCore.framework in Frameworks */,
				BA9EFB32175708E0009B36A9 /* libsqlite3.0.dylib in Frameworks */,
				BAF2DEB71754496C0038C0F9 /* UIKit.framework in Frameworks */,
				BAF2DEB91754496C0038C0F9 /* Foundation.framework in Frameworks */,
				BAF2DEBB1754496C0038C0F9 /* CoreGraphics.framework in Frameworks */,
			);
			runOnlyForDeploymentPostprocessing = 0;
		};
/* End PBXFrameworksBuildPhase section */

/* Begin PBXGroup section */
		BA34E4251757464300B5A138 /* DB */ = {
			isa = PBXGroup;
			children = (
				BA34E4261757464300B5A138 /* DeviceShop.db */,
			);
			path = DB;
			sourceTree = "<group>";
		};
		BA34E42817574D7600B5A138 /* UIViewController+ShowInfoDialog */ = {
			isa = PBXGroup;
			children = (
				BA34E42917574D9700B5A138 /* UIViewController+ShowInfoDialog.h */,
				BA34E42A17574D9700B5A138 /* UIViewController+ShowInfoDialog.m */,
			);
			path = "UIViewController+ShowInfoDialog";
			sourceTree = "<group>";
		};
		BA900A3B1758FFAD00FE5814 /* BJGridItem */ = {
			isa = PBXGroup;
			children = (
				BA900A3C1758FFAD00FE5814 /* BJGridItem.h */,
				BA900A3D1758FFAD00FE5814 /* BJGridItem.m */,
			);
			path = BJGridItem;
			sourceTree = "<group>";
		};
		BA929F111757A0F6007742B3 /* CloudService */ = {
			isa = PBXGroup;
			children = (
				BA929F121757A109007742B3 /* CloudService.h */,
				BA929F131757A109007742B3 /* CloudService.m */,
			);
			path = CloudService;
			sourceTree = "<group>";
		};
		BA929F151757AC91007742B3 /* SBJSON */ = {
			isa = PBXGroup;
			children = (
				BA929F161757AC91007742B3 /* JSON.h */,
				BA929F171757AC91007742B3 /* NSObject+SBJSON.h */,
				BA929F181757AC91007742B3 /* NSObject+SBJSON.m */,
				BA929F191757AC91007742B3 /* NSString+SBJSON.h */,
				BA929F1A1757AC91007742B3 /* NSString+SBJSON.m */,
				BA929F1B1757AC91007742B3 /* SBJSON.h */,
				BA929F1C1757AC91007742B3 /* SBJSON.m */,
				BA929F1D1757AC91007742B3 /* SBJsonBase.h */,
				BA929F1E1757AC91007742B3 /* SBJsonBase.m */,
				BA929F1F1757AC91007742B3 /* SBJsonParser.h */,
				BA929F201757AC91007742B3 /* SBJsonParser.m */,
				BA929F211757AC91007742B3 /* SBJsonWriter.h */,
				BA929F221757AC91007742B3 /* SBJsonWriter.m */,
			);
			path = SBJSON;
			sourceTree = "<group>";
		};
		BA929F291757ADDB007742B3 /* NSString+OAURLEncodingAdditions */ = {
			isa = PBXGroup;
			children = (
				BA929F2A1757ADEB007742B3 /* NSString+OAURLEncodingAdditions.h */,
				BA929F2B1757ADEB007742B3 /* NSString+OAURLEncodingAdditions.m */,
			);
			path = "NSString+OAURLEncodingAdditions";
			sourceTree = "<group>";
		};
		BA951162175B85B300323AEC /* HelpView */ = {
			isa = PBXGroup;
			children = (
				BA951163175B85B300323AEC /* HelpViewController.xib */,
				BA951164175B85B300323AEC /* HelpViewController_Ipad.xib */,
			);
			name = HelpView;
			path = SettingView/HelpView;
			sourceTree = "<group>";
		};
		BA951170175B90FB00323AEC /* ChangBackgroupView */ = {
			isa = PBXGroup;
			children = (
				BA951171175B90FB00323AEC /* ChangBackgroupViewController.xib */,
				BA951172175B90FB00323AEC /* ChangBackgroupViewController_Ipad.xib */,
			);
			name = ChangBackgroupView;
			path = SettingView/ChangBackgroupView;
			sourceTree = "<group>";
		};
		BA95117C175B923300323AEC /* ChangBackgroupView */ = {
			isa = PBXGroup;
			children = (
				BA95117D175B923300323AEC /* ChangBackgroupViewController.xib */,
				BA95117E175B923300323AEC /* ChangBackgroupViewController_Ipad.xib */,
			);
			path = ChangBackgroupView;
			sourceTree = "<group>";
		};
		BA95117F175B923300323AEC /* HelpView */ = {
			isa = PBXGroup;
			children = (
				BA951180175B923300323AEC /* HelpViewController.xib */,
				BA951181175B923300323AEC /* HelpViewController_Ipad.xib */,
			);
			path = HelpView;
			sourceTree = "<group>";
		};
		BA951186175B926000323AEC /* RecoverView */ = {
			isa = PBXGroup;
			children = (
				BA951187175B926000323AEC /* RecoverViewController.xib */,
				BA951188175B926000323AEC /* RecoverViewController_Ipad.xib */,
			);
			path = RecoverView;
			sourceTree = "<group>";
		};
		BA951192175B92D900323AEC /* BackUpView */ = {
			isa = PBXGroup;
			children = (
				BA951193175B92D900323AEC /* BackUpViewController.xib */,
				BA951194175B92D900323AEC /* BackUpViewController_Ipad.xib */,
			);
			path = BackUpView;
			sourceTree = "<group>";
		};
		BA95119E175B95BB00323AEC /* ShareManagerView */ = {
			isa = PBXGroup;
			children = (
				BA95119F175B95BB00323AEC /* ShareManagerViewController.xib */,
				BA9511A0175B95BB00323AEC /* ShareManagerViewController_Ipad.xib */,
			);
			path = ShareManagerView;
			sourceTree = "<group>";
		};
		BA954366175F7778003C3897 /* PwdInputPad */ = {
			isa = PBXGroup;
			children = (
				BA954367175F778D003C3897 /* PwdInputPadView.h */,
				BA954368175F778D003C3897 /* PwdInputPadView.m */,
			);
			path = PwdInputPad;
			sourceTree = "<group>";
		};
		BA95436A175F78F8003C3897 /* Externals */ = {
			isa = PBXGroup;
			children = (
				BA95436B175F88D1003C3897 /* PwdInputPad */,
			);
			path = Externals;
			sourceTree = "<group>";
		};
		BA95436B175F88D1003C3897 /* PwdInputPad */ = {
			isa = PBXGroup;
			children = (
				BA95436C175F88D1003C3897 /* controlPwd.psd.txt */,
				BA95436D175F88D1003C3897 /* ip_bg.png */,
				BA95436E175F88D1003C3897 /* ip_bg@2x.png */,
				BA95436F175F88D1003C3897 /* ip_cancel.png */,
				BA954370175F88D1003C3897 /* ip_cancel_hl@2x.png */,
				BA954371175F88D1003C3897 /* ip_del.png */,
				BA954372175F88D1003C3897 /* ip_del@2x.png */,
				BA954373175F88D1003C3897 /* ip_del_hl.png */,
				BA954374175F88D1003C3897 /* ip_del_hl@2x.png */,
				BA954375175F88D1003C3897 /* ip_num0.png */,
				BA954376175F88D1003C3897 /* ip_num0@2x.png */,
				BA954377175F88D1003C3897 /* ip_num0_hl.png */,
				BA954378175F88D1003C3897 /* ip_num0_hl@2x.png */,
				BA954379175F88D1003C3897 /* ip_num1.png */,
				BA95437A175F88D1003C3897 /* ip_num1@2x.png */,
				BA95437B175F88D1003C3897 /* ip_num1_hl.png */,
				BA95437C175F88D1003C3897 /* ip_num1_hl@2x.png */,
				BA95437D175F88D1003C3897 /* ip_num2.png */,
				BA95437E175F88D1003C3897 /* ip_num2@2x.png */,
				BA95437F175F88D1003C3897 /* ip_num2_hl.png */,
				BA954380175F88D1003C3897 /* ip_num2_hl@2x.png */,
				BA954381175F88D1003C3897 /* ip_num3.png */,
				BA954382175F88D1003C3897 /* ip_num3@2x.png */,
				BA954383175F88D1003C3897 /* ip_num3_hl.png */,
				BA954384175F88D1003C3897 /* ip_num3_hl@2x.png */,
				BA954385175F88D1003C3897 /* ip_num4.png */,
				BA954386175F88D1003C3897 /* ip_num4@2x.png */,
				BA954387175F88D1003C3897 /* ip_num4_hl.png */,
				BA954388175F88D1003C3897 /* ip_num4_hl@2x.png */,
				BA954389175F88D1003C3897 /* ip_num5.png */,
				BA95438A175F88D1003C3897 /* ip_num5@2x.png */,
				BA95438B175F88D1003C3897 /* ip_num5_hl.png */,
				BA95438C175F88D1003C3897 /* ip_num5_hl@2x.png */,
				BA95438D175F88D1003C3897 /* ip_num6.png */,
				BA95438E175F88D1003C3897 /* ip_num6@2x.png */,
				BA95438F175F88D1003C3897 /* ip_num6_hl.png */,
				BA954390175F88D1003C3897 /* ip_num6_hl@2x.png */,
				BA954391175F88D1003C3897 /* ip_num7.png */,
				BA954392175F88D1003C3897 /* ip_num7@2x.png */,
				BA954393175F88D1003C3897 /* ip_num7_hl.png */,
				BA954394175F88D1003C3897 /* ip_num7_hl@2x.png */,
				BA954395175F88D1003C3897 /* ip_num8.png */,
				BA954396175F88D1003C3897 /* ip_num8@2x.png */,
				BA954397175F88D1003C3897 /* ip_num8_hl.png */,
				BA954398175F88D1003C3897 /* ip_num8_hl@2x.png */,
				BA954399175F88D1003C3897 /* ip_num9.png */,
				BA95439A175F88D1003C3897 /* ip_num9@2x.png */,
				BA95439B175F88D1003C3897 /* ip_num9_hl.png */,
				BA95439C175F88D1003C3897 /* ip_num9_hl@2x.png */,
				BA95439D175F88D1003C3897 /* ip_num_bg.png */,
				BA95439E175F88D1003C3897 /* ip_num_bg@2x.png */,
				BA95439F175F88D1003C3897 /* ip_space.png */,
				BA9543A0175F88D1003C3897 /* ip_space@2x.png */,
				BA9543A1175F88D1003C3897 /* ip_txt_bg.png */,
				BA9543A2175F88D1003C3897 /* ip_txt_bg@2x.png */,
				BA9543A3175F88D1003C3897 /* ip_txt_fld1.png */,
				BA9543A4175F88D1003C3897 /* ip_txt_fld1@2x.png */,
				BA9543A5175F88D1003C3897 /* ip_txt_fld2.png */,
				BA9543A6175F88D1003C3897 /* ip_txt_fld2@2x.png */,
				BA9543A7175F88D1003C3897 /* ip_txt_fld3.png */,
				BA9543A8175F88D1003C3897 /* ip_txt_fld3@2x.png */,
				BA9543A9175F88D1003C3897 /* ip_txt_fld4.png */,
				BA9543AA175F88D1003C3897 /* ip_txt_fld4@2x.png */,
			);
			path = PwdInputPad;
			sourceTree = "<group>";
		};
		BA9BCE27175AFD5400897B22 /* MenuBar */ = {
			isa = PBXGroup;
			children = (
				BA9BCE28175AFD7B00897B22 /* MenuBar.h */,
				BA9BCE29175AFD7B00897B22 /* MenuBar.m */,
			);
			path = MenuBar;
			sourceTree = "<group>";
		};
		BA9BCE2B175B2FDD00897B22 /* DeviceLibraryViewController */ = {
			isa = PBXGroup;
			children = (
				BA9BCE2C175B2FF600897B22 /* DeviceLibraryViewController.h */,
				BA9BCE2D175B2FF600897B22 /* DeviceLibraryViewController.m */,
			);
			path = DeviceLibraryViewController;
			sourceTree = "<group>";
		};
		BA9BCE33175B310900897B22 /* DeviceLibraryView */ = {
			isa = PBXGroup;
			children = (
				BA9BCE34175B310900897B22 /* DeviceLibraryViewController.xib */,
				BA9BCE35175B310900897B22 /* DeviceLibraryViewController_Ipad.xib */,
			);
			path = DeviceLibraryView;
			sourceTree = "<group>";
		};
		BA9BCE38175B314500897B22 /* EditViewController */ = {
			isa = PBXGroup;
			children = (
				BA9BCE39175B318500897B22 /* EditViewController.h */,
				BA9BCE3A175B318500897B22 /* EditViewController.m */,
			);
			path = EditViewController;
			sourceTree = "<group>";
		};
		BA9BCE40175B328B00897B22 /* EditView */ = {
			isa = PBXGroup;
			children = (
				BA9BCE41175B328B00897B22 /* EditViewController.xib */,
				BA9BCE42175B328B00897B22 /* EditViewController_Ipad.xib */,
			);
			path = EditView;
			sourceTree = "<group>";
		};
		BA9BCE45175B32EC00897B22 /* NetworkDeviceViewController */ = {
			isa = PBXGroup;
			children = (
				BA9BCE46175B32FE00897B22 /* NetworkDeviceViewController.h */,
				BA9BCE47175B32FE00897B22 /* NetworkDeviceViewController.m */,
				BA9BCE5F175B47F200897B22 /* PortViewController.h */,
				BA9BCE60175B47F200897B22 /* PortViewController.m */,
			);
			path = NetworkDeviceViewController;
			sourceTree = "<group>";
		};
		BA9BCE4D175B335C00897B22 /* NetworkDeviceView */ = {
			isa = PBXGroup;
			children = (
				BA9BCE4E175B335C00897B22 /* NetworkDeviceViewController.xib */,
				BA9BCE4F175B335C00897B22 /* NetworkDeviceViewController_Ipad.xib */,
				BA9BCE67175B486E00897B22 /* PortViewController.xib */,
				BA9BCE66175B486E00897B22 /* PortViewController_Ipad.xib */,
			);
			path = NetworkDeviceView;
			sourceTree = "<group>";
		};
		BA9BCE52175B33EA00897B22 /* SettingViewController */ = {
			isa = PBXGroup;
			children = (
				BA9BCE53175B33FC00897B22 /* SettingViewController.h */,
				BA9BCE54175B33FC00897B22 /* SettingViewController.m */,
				BA95115B175B851000323AEC /* HelpViewController.h */,
				BA95115C175B851000323AEC /* HelpViewController.m */,
				BA951167175B88D000323AEC /* ChangBackgroupViewController.h */,
				BA951168175B88D000323AEC /* ChangBackgroupViewController.m */,
				BA951175175B91E800323AEC /* RecoverViewController.h */,
				BA951176175B91E800323AEC /* RecoverViewController.m */,
				BA95118B175B927000323AEC /* BackUpViewController.h */,
				BA95118C175B927100323AEC /* BackUpViewController.m */,
				BA951197175B92F900323AEC /* ShareManagerViewController.h */,
				BA951198175B92F900323AEC /* ShareManagerViewController.m */,
			);
			path = SettingViewController;
			sourceTree = "<group>";
		};
		BA9BCE5A175B347500897B22 /* SettingView */ = {
			isa = PBXGroup;
			children = (
				BA9BCE5B175B347500897B22 /* SettingViewController.xib */,
				BA9BCE5C175B347500897B22 /* SettingViewController_Ipad.xib */,
				BA951192175B92D900323AEC /* BackUpView */,
				BA95117C175B923300323AEC /* ChangBackgroupView */,
				BA95117F175B923300323AEC /* HelpView */,
				BA951186175B926000323AEC /* RecoverView */,
				BA95119E175B95BB00323AEC /* ShareManagerView */,
			);
			path = SettingView;
			sourceTree = "<group>";
		};
		BA9C7EEB17565A8300640438 /* UIScreen+UIWindowSize */ = {
			isa = PBXGroup;
			children = (
				BA9C7EEC17565AA500640438 /* UIScreen+UIWindowSize.h */,
				BA9C7EED17565AA500640438 /* UIScreen+UIWindowSize.m */,
			);
			path = "UIScreen+UIWindowSize";
			sourceTree = "<group>";
		};
		BA9EFB20175704B4009B36A9 /* FMDB */ = {
			isa = PBXGroup;
			children = (
				BA9EFB21175704B4009B36A9 /* FMDatabase.h */,
				BA9EFB22175704B4009B36A9 /* FMDatabase.m */,
				BA9EFB23175704B4009B36A9 /* FMDatabaseAdditions.h */,
				BA9EFB24175704B4009B36A9 /* FMDatabaseAdditions.m */,
				BA34E42C1757581100B5A138 /* FMDatabaseOperate.h */,
				BA34E42D1757581100B5A138 /* FMDatabaseOperate.m */,
				BA9EFB25175704B4009B36A9 /* FMResultSet.h */,
				BA9EFB26175704B4009B36A9 /* FMResultSet.m */,
			);
			path = FMDB;
			sourceTree = "<group>";
		};
		BA9EFB3817572837009B36A9 /* MainNavViewController */ = {
			isa = PBXGroup;
			children = (
				BA9EFB3917572853009B36A9 /* MainNavViewController.h */,
				BA9EFB3A17572853009B36A9 /* MainNavViewController.m */,
			);
			path = MainNavViewController;
			sourceTree = "<group>";
		};
		BA9EFB40175728ED009B36A9 /* View */ = {
			isa = PBXGroup;
			children = (
				BA951170175B90FB00323AEC /* ChangBackgroupView */,
				BA9BCE33175B310900897B22 /* DeviceLibraryView */,
				BA9BCE40175B328B00897B22 /* EditView */,
				BA951162175B85B300323AEC /* HelpView */,
				BA9EFB41175728ED009B36A9 /* LoginAndRegistVIew */,
				BA9EFB4B175728ED009B36A9 /* MainNavView */,
				BA9BCE4D175B335C00897B22 /* NetworkDeviceView */,
				BA9BCE5A175B347500897B22 /* SettingView */,
			);
			path = View;
			sourceTree = "<group>";
		};
		BA9EFB41175728ED009B36A9 /* LoginAndRegistVIew */ = {
			isa = PBXGroup;
			children = (
				BA9EFB42175728ED009B36A9 /* ForgetPwdView */,
				BA9EFB45175728ED009B36A9 /* LoginView */,
				BA9EFB48175728ED009B36A9 /* RegistView */,
			);
			path = LoginAndRegistVIew;
			sourceTree = "<group>";
		};
		BA9EFB42175728ED009B36A9 /* ForgetPwdView */ = {
			isa = PBXGroup;
			children = (
				BA9EFB43175728ED009B36A9 /* ForgetPwdViewController.xib */,
				BA9EFB44175728ED009B36A9 /* ForgetPwdViewController_Ipad.xib */,
			);
			path = ForgetPwdView;
			sourceTree = "<group>";
		};
		BA9EFB45175728ED009B36A9 /* LoginView */ = {
			isa = PBXGroup;
			children = (
				BA9EFB46175728ED009B36A9 /* LoginViewController.xib */,
				BA9EFB47175728ED009B36A9 /* LoginViewController_Ipad.xib */,
			);
			path = LoginView;
			sourceTree = "<group>";
		};
		BA9EFB48175728ED009B36A9 /* RegistView */ = {
			isa = PBXGroup;
			children = (
				BA9EFB49175728ED009B36A9 /* RegistViewController.xib */,
				BA9EFB4A175728ED009B36A9 /* RegistViewController_Ipad.xib */,
			);
			path = RegistView;
			sourceTree = "<group>";
		};
		BA9EFB4B175728ED009B36A9 /* MainNavView */ = {
			isa = PBXGroup;
			children = (
				BA9EFB4C175728ED009B36A9 /* MainNavViewController.xib */,
				BA9EFB4D175728ED009B36A9 /* MainNavViewController_Ipad.xib */,
			);
			path = MainNavView;
			sourceTree = "<group>";
		};
		BAA42B5A175601BC001CA8A8 /* UIViewController+UIViewControllerNib */ = {
			isa = PBXGroup;
			children = (
				BAA42B5B175601BC001CA8A8 /* UIViewController+UIViewControllerNib.h */,
				BAA42B5C175601BC001CA8A8 /* UIViewController+UIViewControllerNib.m */,
			);
			path = "UIViewController+UIViewControllerNib";
			sourceTree = "<group>";
		};
		BAA42B5E1756023E001CA8A8 /* UIView+UIAdaptation */ = {
			isa = PBXGroup;
			children = (
				BAA42B5F17560260001CA8A8 /* UIView+UIAdaptation.h */,
				BAA42B6017560260001CA8A8 /* UIView+UIAdaptation.m */,
			);
			path = "UIView+UIAdaptation";
			sourceTree = "<group>";
		};
		BAA42B6617560794001CA8A8 /* LoginAndRegistViewController */ = {
			isa = PBXGroup;
			children = (
				BAA42B6717560794001CA8A8 /* LoginViewController.h */,
				BAA42B6817560794001CA8A8 /* LoginViewController.m */,
				BAA42B6A175607AA001CA8A8 /* RegistViewController.h */,
				BAA42B6B175607AA001CA8A8 /* RegistViewController.m */,
				BA9EFB2A175707A7009B36A9 /* ForgetPwdViewController.h */,
				BA9EFB2B175707A8009B36A9 /* ForgetPwdViewController.m */,
			);
			path = LoginAndRegistViewController;
			sourceTree = "<group>";
		};
		BAD437041755C9FE00063010 /* ShareData */ = {
			isa = PBXGroup;
			children = (
				BAD437051755C9FE00063010 /* ViewControlHeader.h */,
			);
			path = ShareData;
			sourceTree = "<group>";
		};
		BAD437061755CA0300063010 /* ViewController */ = {
			isa = PBXGroup;
			children = (
				BA9BCE2B175B2FDD00897B22 /* DeviceLibraryViewController */,
				BA9BCE38175B314500897B22 /* EditViewController */,
				BAA42B6617560794001CA8A8 /* LoginAndRegistViewController */,
				BA9EFB3817572837009B36A9 /* MainNavViewController */,
				BA9BCE45175B32EC00897B22 /* NetworkDeviceViewController */,
				BA9BCE52175B33EA00897B22 /* SettingViewController */,
			);
			path = ViewController;
			sourceTree = "<group>";
		};
		BAD4370D1755CA9F00063010 /* Resources */ = {
			isa = PBXGroup;
			children = (
				BA95436A175F78F8003C3897 /* Externals */,
				BA34E4251757464300B5A138 /* DB */,
				BA9EFB40175728ED009B36A9 /* View */,
			);
			path = Resources;
			sourceTree = "<group>";
		};
		BADA24AB175450DF0034F8D6 /* Classes */ = {
			isa = PBXGroup;
			children = (
				BADA24AC175450DF0034F8D6 /* AppDelegate */,
				BAD437041755C9FE00063010 /* ShareData */,
				BAD437061755CA0300063010 /* ViewController */,
			);
			path = Classes;
			sourceTree = "<group>";
		};
		BADA24AC175450DF0034F8D6 /* AppDelegate */ = {
			isa = PBXGroup;
			children = (
				BADA24AD175450DF0034F8D6 /* AppDelegate.h */,
				BADA24AE175450DF0034F8D6 /* AppDelegate.m */,
			);
			path = AppDelegate;
			sourceTree = "<group>";
		};
		BADA24B0175450E80034F8D6 /* Externals */ = {
			isa = PBXGroup;
			children = (
				BA954366175F7778003C3897 /* PwdInputPad */,
				BA900A3B1758FFAD00FE5814 /* BJGridItem */,
				BA929F111757A0F6007742B3 /* CloudService */,
				BADA24B1175450E80034F8D6 /* Debug */,
				BA9EFB20175704B4009B36A9 /* FMDB */,
				BA9BCE27175AFD5400897B22 /* MenuBar */,
				BA929F291757ADDB007742B3 /* NSString+OAURLEncodingAdditions */,
				BA929F151757AC91007742B3 /* SBJSON */,
				BA9C7EEB17565A8300640438 /* UIScreen+UIWindowSize */,
				BAA42B5E1756023E001CA8A8 /* UIView+UIAdaptation */,
				BA34E42817574D7600B5A138 /* UIViewController+ShowInfoDialog */,
				BAA42B5A175601BC001CA8A8 /* UIViewController+UIViewControllerNib */,
			);
			path = Externals;
			sourceTree = "<group>";
		};
		BADA24B1175450E80034F8D6 /* Debug */ = {
			isa = PBXGroup;
			children = (
				BADA24B2175450E80034F8D6 /* CLog.h */,
			);
			path = Debug;
			sourceTree = "<group>";
		};
		BAF2DEAA1754496C0038C0F9 = {
			isa = PBXGroup;
			children = (
				BAF2DEBC1754496C0038C0F9 /* DeviceShop */,
				BAF2DEB51754496C0038C0F9 /* Frameworks */,
				BAF2DEB41754496C0038C0F9 /* Products */,
			);
			sourceTree = "<group>";
		};
		BAF2DEB41754496C0038C0F9 /* Products */ = {
			isa = PBXGroup;
			children = (
				BAF2DEB31754496C0038C0F9 /* DeviceShop.app */,
			);
			name = Products;
			sourceTree = "<group>";
		};
		BAF2DEB51754496C0038C0F9 /* Frameworks */ = {
			isa = PBXGroup;
			children = (
				BA9EFB31175708E0009B36A9 /* libsqlite3.0.dylib */,
				BAF2DEBA1754496C0038C0F9 /* CoreGraphics.framework */,
				BAF2DEB81754496C0038C0F9 /* Foundation.framework */,
				BA900A3F175901AB00FE5814 /* QuartzCore.framework */,
				BAF2DED41754496D0038C0F9 /* SenTestingKit.framework */,
				BAF2DEB61754496C0038C0F9 /* UIKit.framework */,
			);
			name = Frameworks;
			sourceTree = "<group>";
		};
		BAF2DEBC1754496C0038C0F9 /* DeviceShop */ = {
			isa = PBXGroup;
			children = (
				BADA24AB175450DF0034F8D6 /* Classes */,
				BADA24B0175450E80034F8D6 /* Externals */,
				BAD4370D1755CA9F00063010 /* Resources */,
				BAF2DEBD1754496C0038C0F9 /* Supporting Files */,
			);
			path = DeviceShop;
			sourceTree = "<group>";
		};
		BAF2DEBD1754496C0038C0F9 /* Supporting Files */ = {
			isa = PBXGroup;
			children = (
				BAF2DEBE1754496C0038C0F9 /* DeviceShop-Info.plist */,
				BAF2DEBF1754496C0038C0F9 /* InfoPlist.strings */,
				BAF2DEC21754496C0038C0F9 /* main.m */,
				BAF2DEC41754496C0038C0F9 /* DeviceShop-Prefix.pch */,
				BAF2DEC81754496C0038C0F9 /* Default.png */,
				BAF2DECA1754496C0038C0F9 /* Default@2x.png */,
				BAF2DECC1754496C0038C0F9 /* Default-568h@2x.png */,
			);
			name = "Supporting Files";
			sourceTree = "<group>";
		};
/* End PBXGroup section */

/* Begin PBXNativeTarget section */
		BAF2DEB21754496C0038C0F9 /* DeviceShop */ = {
			isa = PBXNativeTarget;
			buildConfigurationList = BAF2DEE51754496D0038C0F9 /* Build configuration list for PBXNativeTarget "DeviceShop" */;
			buildPhases = (
				BAF2DEAF1754496C0038C0F9 /* Sources */,
				BAF2DEB01754496C0038C0F9 /* Frameworks */,
				BAF2DEB11754496C0038C0F9 /* Resources */,
			);
			buildRules = (
			);
			dependencies = (
			);
			name = DeviceShop;
			productName = DeviceShop;
			productReference = BAF2DEB31754496C0038C0F9 /* DeviceShop.app */;
			productType = "com.apple.product-type.application";
		};
/* End PBXNativeTarget section */

/* Begin PBXProject section */
		BAF2DEAB1754496C0038C0F9 /* Project object */ = {
			isa = PBXProject;
			attributes = {
				LastUpgradeCheck = 0460;
				ORGANIZATIONNAME = lynn;
			};
			buildConfigurationList = BAF2DEAE1754496C0038C0F9 /* Build configuration list for PBXProject "DeviceShop" */;
			compatibilityVersion = "Xcode 3.2";
			developmentRegion = English;
			hasScannedForEncodings = 0;
			knownRegions = (
				en,
			);
			mainGroup = BAF2DEAA1754496C0038C0F9;
			productRefGroup = BAF2DEB41754496C0038C0F9 /* Products */;
			projectDirPath = "";
			projectRoot = "";
			targets = (
				BAF2DEB21754496C0038C0F9 /* DeviceShop */,
			);
		};
/* End PBXProject section */

/* Begin PBXResourcesBuildPhase section */
		BAF2DEB11754496C0038C0F9 /* Resources */ = {
			isa = PBXResourcesBuildPhase;
			buildActionMask = 2147483647;
			files = (
				BAF2DEC11754496C0038C0F9 /* InfoPlist.strings in Resources */,
				BAF2DEC91754496C0038C0F9 /* Default.png in Resources */,
				BAF2DECB1754496C0038C0F9 /* Default@2x.png in Resources */,
				BAF2DECD1754496C0038C0F9 /* Default-568h@2x.png in Resources */,
				BA9EFB4E175728ED009B36A9 /* ForgetPwdViewController.xib in Resources */,
				BA9EFB4F175728ED009B36A9 /* ForgetPwdViewController_Ipad.xib in Resources */,
				BA9EFB50175728ED009B36A9 /* LoginViewController.xib in Resources */,
				BA9EFB51175728ED009B36A9 /* LoginViewController_Ipad.xib in Resources */,
				BA9EFB52175728ED009B36A9 /* RegistViewController.xib in Resources */,
				BA9EFB53175728ED009B36A9 /* RegistViewController_Ipad.xib in Resources */,
				BA9EFB54175728ED009B36A9 /* MainNavViewController.xib in Resources */,
				BA9EFB55175728ED009B36A9 /* MainNavViewController_Ipad.xib in Resources */,
				BA34E4271757464300B5A138 /* DeviceShop.db in Resources */,
				BA9BCE36175B310900897B22 /* DeviceLibraryViewController.xib in Resources */,
				BA9BCE37175B310900897B22 /* DeviceLibraryViewController_Ipad.xib in Resources */,
				BA9BCE43175B328B00897B22 /* EditViewController.xib in Resources */,
				BA9BCE44175B328B00897B22 /* EditViewController_Ipad.xib in Resources */,
				BA9BCE50175B335C00897B22 /* NetworkDeviceViewController.xib in Resources */,
				BA9BCE51175B335C00897B22 /* NetworkDeviceViewController_Ipad.xib in Resources */,
				BA9BCE5D175B347500897B22 /* SettingViewController.xib in Resources */,
				BA9BCE5E175B347500897B22 /* SettingViewController_Ipad.xib in Resources */,
				BA9BCE68175B486E00897B22 /* PortViewController_Ipad.xib in Resources */,
				BA9BCE69175B486E00897B22 /* PortViewController.xib in Resources */,
				BA951165175B85B400323AEC /* HelpViewController.xib in Resources */,
				BA951166175B85B400323AEC /* HelpViewController_Ipad.xib in Resources */,
				BA951173175B90FB00323AEC /* ChangBackgroupViewController.xib in Resources */,
				BA951174175B90FB00323AEC /* ChangBackgroupViewController_Ipad.xib in Resources */,
				BA951182175B923300323AEC /* ChangBackgroupViewController.xib in Resources */,
				BA951183175B923300323AEC /* ChangBackgroupViewController_Ipad.xib in Resources */,
				BA951184175B923300323AEC /* HelpViewController.xib in Resources */,
				BA951185175B923300323AEC /* HelpViewController_Ipad.xib in Resources */,
				BA951189175B926000323AEC /* RecoverViewController.xib in Resources */,
				BA95118A175B926000323AEC /* RecoverViewController_Ipad.xib in Resources */,
				BA951195175B92D900323AEC /* BackUpViewController.xib in Resources */,
				BA951196175B92D900323AEC /* BackUpViewController_Ipad.xib in Resources */,
				BA9511A1175B95BB00323AEC /* ShareManagerViewController.xib in Resources */,
				BA9511A2175B95BB00323AEC /* ShareManagerViewController_Ipad.xib in Resources */,
				BA9543AB175F88D1003C3897 /* controlPwd.psd.txt in Resources */,
				BA9543AC175F88D1003C3897 /* ip_bg.png in Resources */,
				BA9543AD175F88D1003C3897 /* ip_bg@2x.png in Resources */,
				BA9543AE175F88D1003C3897 /* ip_cancel.png in Resources */,
				BA9543AF175F88D1003C3897 /* ip_cancel_hl@2x.png in Resources */,
				BA9543B0175F88D1003C3897 /* ip_del.png in Resources */,
				BA9543B1175F88D1003C3897 /* ip_del@2x.png in Resources */,
				BA9543B2175F88D1003C3897 /* ip_del_hl.png in Resources */,
				BA9543B3175F88D1003C3897 /* ip_del_hl@2x.png in Resources */,
				BA9543B4175F88D1003C3897 /* ip_num0.png in Resources */,
				BA9543B5175F88D1003C3897 /* ip_num0@2x.png in Resources */,
				BA9543B6175F88D1003C3897 /* ip_num0_hl.png in Resources */,
				BA9543B7175F88D1003C3897 /* ip_num0_hl@2x.png in Resources */,
				BA9543B8175F88D1003C3897 /* ip_num1.png in Resources */,
				BA9543B9175F88D1003C3897 /* ip_num1@2x.png in Resources */,
				BA9543BA175F88D1003C3897 /* ip_num1_hl.png in Resources */,
				BA9543BB175F88D1003C3897 /* ip_num1_hl@2x.png in Resources */,
				BA9543BC175F88D1003C3897 /* ip_num2.png in Resources */,
				BA9543BD175F88D1003C3897 /* ip_num2@2x.png in Resources */,
				BA9543BE175F88D1003C3897 /* ip_num2_hl.png in Resources */,
				BA9543BF175F88D1003C3897 /* ip_num2_hl@2x.png in Resources */,
				BA9543C0175F88D1003C3897 /* ip_num3.png in Resources */,
				BA9543C1175F88D1003C3897 /* ip_num3@2x.png in Resources */,
				BA9543C2175F88D1003C3897 /* ip_num3_hl.png in Resources */,
				BA9543C3175F88D1003C3897 /* ip_num3_hl@2x.png in Resources */,
				BA9543C4175F88D1003C3897 /* ip_num4.png in Resources */,
				BA9543C5175F88D1003C3897 /* ip_num4@2x.png in Resources */,
				BA9543C6175F88D1003C3897 /* ip_num4_hl.png in Resources */,
				BA9543C7175F88D1003C3897 /* ip_num4_hl@2x.png in Resources */,
				BA9543C8175F88D1003C3897 /* ip_num5.png in Resources */,
				BA9543C9175F88D1003C3897 /* ip_num5@2x.png in Resources */,
				BA9543CA175F88D1003C3897 /* ip_num5_hl.png in Resources */,
				BA9543CB175F88D1003C3897 /* ip_num5_hl@2x.png in Resources */,
				BA9543CC175F88D1003C3897 /* ip_num6.png in Resources */,
				BA9543CD175F88D1003C3897 /* ip_num6@2x.png in Resources */,
				BA9543CE175F88D1003C3897 /* ip_num6_hl.png in Resources */,
				BA9543CF175F88D1003C3897 /* ip_num6_hl@2x.png in Resources */,
				BA9543D0175F88D1003C3897 /* ip_num7.png in Resources */,
				BA9543D1175F88D1003C3897 /* ip_num7@2x.png in Resources */,
				BA9543D2175F88D1003C3897 /* ip_num7_hl.png in Resources */,
				BA9543D3175F88D1003C3897 /* ip_num7_hl@2x.png in Resources */,
				BA9543D4175F88D1003C3897 /* ip_num8.png in Resources */,
				BA9543D5175F88D1003C3897 /* ip_num8@2x.png in Resources */,
				BA9543D6175F88D1003C3897 /* ip_num8_hl.png in Resources */,
				BA9543D7175F88D1003C3897 /* ip_num8_hl@2x.png in Resources */,
				BA9543D8175F88D1003C3897 /* ip_num9.png in Resources */,
				BA9543D9175F88D1003C3897 /* ip_num9@2x.png in Resources */,
				BA9543DA175F88D1003C3897 /* ip_num9_hl.png in Resources */,
				BA9543DB175F88D1003C3897 /* ip_num9_hl@2x.png in Resources */,
				BA9543DC175F88D1003C3897 /* ip_num_bg.png in Resources */,
				BA9543DD175F88D1003C3897 /* ip_num_bg@2x.png in Resources */,
				BA9543DE175F88D1003C3897 /* ip_space.png in Resources */,
				BA9543DF175F88D1003C3897 /* ip_space@2x.png in Resources */,
				BA9543E0175F88D1003C3897 /* ip_txt_bg.png in Resources */,
				BA9543E1175F88D1003C3897 /* ip_txt_bg@2x.png in Resources */,
				BA9543E2175F88D1003C3897 /* ip_txt_fld1.png in Resources */,
				BA9543E3175F88D1003C3897 /* ip_txt_fld1@2x.png in Resources */,
				BA9543E4175F88D1003C3897 /* ip_txt_fld2.png in Resources */,
				BA9543E5175F88D1003C3897 /* ip_txt_fld2@2x.png in Resources */,
				BA9543E6175F88D1003C3897 /* ip_txt_fld3.png in Resources */,
				BA9543E7175F88D1003C3897 /* ip_txt_fld3@2x.png in Resources */,
				BA9543E8175F88D1003C3897 /* ip_txt_fld4.png in Resources */,
				BA9543E9175F88D1003C3897 /* ip_txt_fld4@2x.png in Resources */,
			);
			runOnlyForDeploymentPostprocessing = 0;
		};
/* End PBXResourcesBuildPhase section */

/* Begin PBXSourcesBuildPhase section */
		BAF2DEAF1754496C0038C0F9 /* Sources */ = {
			isa = PBXSourcesBuildPhase;
			buildActionMask = 2147483647;
			files = (
				BAF2DEC31754496C0038C0F9 /* main.m in Sources */,
				BADA24AF175450DF0034F8D6 /* AppDelegate.m in Sources */,
				BAA42B5D175601BC001CA8A8 /* UIViewController+UIViewControllerNib.m in Sources */,
				BAA42B6117560260001CA8A8 /* UIView+UIAdaptation.m in Sources */,
				BAA42B6917560794001CA8A8 /* LoginViewController.m in Sources */,
				BAA42B6D175607AA001CA8A8 /* RegistViewController.m in Sources */,
				BA9C7EEE17565AA500640438 /* UIScreen+UIWindowSize.m in Sources */,
				BA9EFB27175704B4009B36A9 /* FMDatabase.m in Sources */,
				BA9EFB28175704B4009B36A9 /* FMDatabaseAdditions.m in Sources */,
				BA9EFB29175704B4009B36A9 /* FMResultSet.m in Sources */,
				BA9EFB2D175707A8009B36A9 /* ForgetPwdViewController.m in Sources */,
				BA9EFB3C17572853009B36A9 /* MainNavViewController.m in Sources */,
				BA34E42B17574D9700B5A138 /* UIViewController+ShowInfoDialog.m in Sources */,
				BA34E42E1757581200B5A138 /* FMDatabaseOperate.m in Sources */,
				BA929F141757A109007742B3 /* CloudService.m in Sources */,
				BA929F231757AC91007742B3 /* NSObject+SBJSON.m in Sources */,
				BA929F241757AC91007742B3 /* NSString+SBJSON.m in Sources */,
				BA929F251757AC91007742B3 /* SBJSON.m in Sources */,
				BA929F261757AC91007742B3 /* SBJsonBase.m in Sources */,
				BA929F271757AC91007742B3 /* SBJsonParser.m in Sources */,
				BA929F281757AC91007742B3 /* SBJsonWriter.m in Sources */,
				BA929F2C1757ADEB007742B3 /* NSString+OAURLEncodingAdditions.m in Sources */,
				BA900A3E1758FFAD00FE5814 /* BJGridItem.m in Sources */,
				BA9BCE2A175AFD7B00897B22 /* MenuBar.m in Sources */,
				BA9BCE2F175B2FF600897B22 /* DeviceLibraryViewController.m in Sources */,
				BA9BCE3C175B318500897B22 /* EditViewController.m in Sources */,
				BA9BCE49175B32FE00897B22 /* NetworkDeviceViewController.m in Sources */,
				BA9BCE56175B33FC00897B22 /* SettingViewController.m in Sources */,
				BA9BCE62175B47F300897B22 /* PortViewController.m in Sources */,
				BA95115E175B851000323AEC /* HelpViewController.m in Sources */,
				BA95116A175B88D000323AEC /* ChangBackgroupViewController.m in Sources */,
				BA951178175B91E800323AEC /* RecoverViewController.m in Sources */,
				BA95118E175B927400323AEC /* BackUpViewController.m in Sources */,
				BA95119A175B92F900323AEC /* ShareManagerViewController.m in Sources */,
				BA954369175F778D003C3897 /* PwdInputPadView.m in Sources */,
			);
			runOnlyForDeploymentPostprocessing = 0;
		};
/* End PBXSourcesBuildPhase section */

/* Begin PBXVariantGroup section */
		BAF2DEBF1754496C0038C0F9 /* InfoPlist.strings */ = {
			isa = PBXVariantGroup;
			children = (
				BAF2DEC01754496C0038C0F9 /* en */,
			);
			name = InfoPlist.strings;
			sourceTree = "<group>";
		};
/* End PBXVariantGroup section */

/* Begin XCBuildConfiguration section */
		BAF2DEE31754496D0038C0F9 /* Debug */ = {
			isa = XCBuildConfiguration;
			buildSettings = {
				ALWAYS_SEARCH_USER_PATHS = NO;
				CLANG_CXX_LANGUAGE_STANDARD = "gnu++0x";
				CLANG_CXX_LIBRARY = "libc++";
				CLANG_WARN_CONSTANT_CONVERSION = YES;
				CLANG_WARN_EMPTY_BODY = YES;
				CLANG_WARN_ENUM_CONVERSION = YES;
				CLANG_WARN_INT_CONVERSION = YES;
				CLANG_WARN__DUPLICATE_METHOD_MATCH = YES;
				"CODE_SIGN_IDENTITY[sdk=iphoneos*]" = "iPhone Developer";
				COPY_PHASE_STRIP = NO;
				GCC_C_LANGUAGE_STANDARD = gnu99;
				GCC_DYNAMIC_NO_PIC = NO;
				GCC_OPTIMIZATION_LEVEL = 0;
				GCC_PREPROCESSOR_DEFINITIONS = (
					"DEBUG=1",
					"$(inherited)",
				);
				GCC_SYMBOLS_PRIVATE_EXTERN = NO;
				GCC_WARN_ABOUT_RETURN_TYPE = YES;
				GCC_WARN_UNINITIALIZED_AUTOS = YES;
				GCC_WARN_UNUSED_VARIABLE = YES;
				IPHONEOS_DEPLOYMENT_TARGET = 4.3;
				ONLY_ACTIVE_ARCH = YES;
				SDKROOT = iphoneos;
				TARGETED_DEVICE_FAMILY = "1,2";
			};
			name = Debug;
		};
		BAF2DEE41754496D0038C0F9 /* Release */ = {
			isa = XCBuildConfiguration;
			buildSettings = {
				ALWAYS_SEARCH_USER_PATHS = NO;
				CLANG_CXX_LANGUAGE_STANDARD = "gnu++0x";
				CLANG_CXX_LIBRARY = "libc++";
				CLANG_WARN_CONSTANT_CONVERSION = YES;
				CLANG_WARN_EMPTY_BODY = YES;
				CLANG_WARN_ENUM_CONVERSION = YES;
				CLANG_WARN_INT_CONVERSION = YES;
				CLANG_WARN__DUPLICATE_METHOD_MATCH = YES;
				"CODE_SIGN_IDENTITY[sdk=iphoneos*]" = "iPhone Developer";
				COPY_PHASE_STRIP = YES;
				GCC_C_LANGUAGE_STANDARD = gnu99;
				GCC_WARN_ABOUT_RETURN_TYPE = YES;
				GCC_WARN_UNINITIALIZED_AUTOS = YES;
				GCC_WARN_UNUSED_VARIABLE = YES;
				IPHONEOS_DEPLOYMENT_TARGET = 4.3;
				OTHER_CFLAGS = "-DNS_BLOCK_ASSERTIONS=1";
				SDKROOT = iphoneos;
				TARGETED_DEVICE_FAMILY = "1,2";
				VALIDATE_PRODUCT = YES;
			};
			name = Release;
		};
		BAF2DEE61754496D0038C0F9 /* Debug */ = {
			isa = XCBuildConfiguration;
			buildSettings = {
				GCC_PRECOMPILE_PREFIX_HEADER = YES;
				GCC_PREFIX_HEADER = "DeviceShop/DeviceShop-Prefix.pch";
				INFOPLIST_FILE = "DeviceShop/DeviceShop-Info.plist";
				IPHONEOS_DEPLOYMENT_TARGET = 4.3;
				PRODUCT_NAME = "$(TARGET_NAME)";
				TARGETED_DEVICE_FAMILY = "1,2";
				WRAPPER_EXTENSION = app;
			};
			name = Debug;
		};
		BAF2DEE71754496D0038C0F9 /* Release */ = {
			isa = XCBuildConfiguration;
			buildSettings = {
				GCC_PRECOMPILE_PREFIX_HEADER = YES;
				GCC_PREFIX_HEADER = "DeviceShop/DeviceShop-Prefix.pch";
				INFOPLIST_FILE = "DeviceShop/DeviceShop-Info.plist";
				IPHONEOS_DEPLOYMENT_TARGET = 4.3;
				PRODUCT_NAME = "$(TARGET_NAME)";
				TARGETED_DEVICE_FAMILY = "1,2";
				WRAPPER_EXTENSION = app;
			};
			name = Release;
		};
/* End XCBuildConfiguration section */

/* Begin XCConfigurationList section */
		BAF2DEAE1754496C0038C0F9 /* Build configuration list for PBXProject "DeviceShop" */ = {
			isa = XCConfigurationList;
			buildConfigurations = (
				BAF2DEE31754496D0038C0F9 /* Debug */,
				BAF2DEE41754496D0038C0F9 /* Release */,
			);
			defaultConfigurationIsVisible = 0;
			defaultConfigurationName = Release;
		};
		BAF2DEE51754496D0038C0F9 /* Build configuration list for PBXNativeTarget "DeviceShop" */ = {
			isa = XCConfigurationList;
			buildConfigurations = (
				BAF2DEE61754496D0038C0F9 /* Debug */,
				BAF2DEE71754496D0038C0F9 /* Release */,
			);
			defaultConfigurationIsVisible = 0;
			defaultConfigurationName = Release;
		};
/* End XCConfigurationList section */
	};
	rootObject = BAF2DEAB1754496C0038C0F9 /* Project object */;
}
